// !$*UTF8*$!
{
	archiveVersion = 1;
	classes = {
	};
	objectVersion = 50;
	objects = {

/* Begin PBXBuildFile section */
		2925A0CC08F0D7B69640A41C /* Pods_ARCardUITests.framework in Frameworks */ = {isa = PBXBuildFile; fileRef = C59B9AD85F3B454050EEA88F /* Pods_ARCardUITests.framework */; };
		7C5C1D28047A031159EC81F5 /* Pods_ARCard.framework in Frameworks */ = {isa = PBXBuildFile; fileRef = 8DC09F28BDA6B9A354F9AB33 /* Pods_ARCard.framework */; };
		B76F90432243C4710064A4D5 /* AppDelegate.swift in Sources */ = {isa = PBXBuildFile; fileRef = B76F90422243C4710064A4D5 /* AppDelegate.swift */; };
		B76F904A2243C4730064A4D5 /* Assets.xcassets in Resources */ = {isa = PBXBuildFile; fileRef = B76F90492243C4730064A4D5 /* Assets.xcassets */; };
		B76F904D2243C4730064A4D5 /* LaunchScreen.storyboard in Resources */ = {isa = PBXBuildFile; fileRef = B76F904B2243C4730064A4D5 /* LaunchScreen.storyboard */; };
		B76F90582243C4730064A4D5 /* ARCardTests.swift in Sources */ = {isa = PBXBuildFile; fileRef = B76F90572243C4730064A4D5 /* ARCardTests.swift */; };
		B76F90632243C4730064A4D5 /* ARCardUITests.swift in Sources */ = {isa = PBXBuildFile; fileRef = B76F90622243C4730064A4D5 /* ARCardUITests.swift */; };
		B76F907C2243C7920064A4D5 /* Device.framework in Frameworks */ = {isa = PBXBuildFile; fileRef = B76F90702243C7910064A4D5 /* Device.framework */; };
		B76F907D2243C7920064A4D5 /* PKHUD.framework in Frameworks */ = {isa = PBXBuildFile; fileRef = B76F90712243C7910064A4D5 /* PKHUD.framework */; };
		B76F907E2243C7920064A4D5 /* SnapKit.framework in Frameworks */ = {isa = PBXBuildFile; fileRef = B76F90722243C7910064A4D5 /* SnapKit.framework */; };
		B76F907F2243C7920064A4D5 /* SwiftyUserDefaults.framework in Frameworks */ = {isa = PBXBuildFile; fileRef = B76F90732243C7910064A4D5 /* SwiftyUserDefaults.framework */; };
		B76F90802243C7920064A4D5 /* Validator.framework in Frameworks */ = {isa = PBXBuildFile; fileRef = B76F90742243C7910064A4D5 /* Validator.framework */; };
		B76F90812243C7920064A4D5 /* KeychainAccess.framework in Frameworks */ = {isa = PBXBuildFile; fileRef = B76F90752243C7920064A4D5 /* KeychainAccess.framework */; };
		B76F90822243C7920064A4D5 /* ActiveLabel.framework in Frameworks */ = {isa = PBXBuildFile; fileRef = B76F90762243C7920064A4D5 /* ActiveLabel.framework */; };
		B76F90832243C7920064A4D5 /* Alamofire.framework in Frameworks */ = {isa = PBXBuildFile; fileRef = B76F90772243C7920064A4D5 /* Alamofire.framework */; };
		B76F90842243C7920064A4D5 /* RxCocoa.framework in Frameworks */ = {isa = PBXBuildFile; fileRef = B76F90782243C7920064A4D5 /* RxCocoa.framework */; };
		B76F90852243C7920064A4D5 /* RxSwift.framework in Frameworks */ = {isa = PBXBuildFile; fileRef = B76F90792243C7920064A4D5 /* RxSwift.framework */; };
		B76F90862243C7920064A4D5 /* FontAwesome.framework in Frameworks */ = {isa = PBXBuildFile; fileRef = B76F907A2243C7920064A4D5 /* FontAwesome.framework */; };
		B76F90872243C7920064A4D5 /* Nuke.framework in Frameworks */ = {isa = PBXBuildFile; fileRef = B76F907B2243C7920064A4D5 /* Nuke.framework */; };
		B76F908C2243C8C60064A4D5 /* Settings.bundle in Resources */ = {isa = PBXBuildFile; fileRef = B76F908B2243C8C60064A4D5 /* Settings.bundle */; };
		B76F90922243CA310064A4D5 /* RegistViewController.swift in Sources */ = {isa = PBXBuildFile; fileRef = B76F90912243CA310064A4D5 /* RegistViewController.swift */; };
		B76F909A2243D42B0064A4D5 /* Regist.storyboard in Resources */ = {isa = PBXBuildFile; fileRef = B76F90992243D42B0064A4D5 /* Regist.storyboard */; };
		B76F909D2243DA610064A4D5 /* Notification+ARCard.swift in Sources */ = {isa = PBXBuildFile; fileRef = B76F909C2243DA610064A4D5 /* Notification+ARCard.swift */; };
		B76F909F2243ED930064A4D5 /* UIScrollView+ARCard.swift in Sources */ = {isa = PBXBuildFile; fileRef = B76F909E2243ED930064A4D5 /* UIScrollView+ARCard.swift */; };
		B76F90A12243F5B30064A4D5 /* RegistModel.swift in Sources */ = {isa = PBXBuildFile; fileRef = B76F90A02243F5B30064A4D5 /* RegistModel.swift */; };
		B76F90A32243F5BC0064A4D5 /* RegistViewModel.swift in Sources */ = {isa = PBXBuildFile; fileRef = B76F90A22243F5BC0064A4D5 /* RegistViewModel.swift */; };
		B76F90A722449FD00064A4D5 /* AR.storyboard in Resources */ = {isa = PBXBuildFile; fileRef = B76F90A622449FD00064A4D5 /* AR.storyboard */; };
		B76F90A92244A0010064A4D5 /* ARViewController.swift in Sources */ = {isa = PBXBuildFile; fileRef = B76F90A82244A0010064A4D5 /* ARViewController.swift */; };
		B76F90AC2244A14C0064A4D5 /* Setting.storyboard in Resources */ = {isa = PBXBuildFile; fileRef = B76F90AB2244A14C0064A4D5 /* Setting.storyboard */; };
		B76F90B12244A4D70064A4D5 /* SettingTableViewController.swift in Sources */ = {isa = PBXBuildFile; fileRef = B76F90B02244A4D70064A4D5 /* SettingTableViewController.swift */; };
		B76F90B42244AADD0064A4D5 /* AlertHandler.swift in Sources */ = {isa = PBXBuildFile; fileRef = B76F90B32244AADD0064A4D5 /* AlertHandler.swift */; };
		B76F90BA2244AF830064A4D5 /* ProfileEditViewController.swift in Sources */ = {isa = PBXBuildFile; fileRef = B76F90B92244AF830064A4D5 /* ProfileEditViewController.swift */; };
		B76F90BD2244AFAF0064A4D5 /* ProfileEdit.storyboard in Resources */ = {isa = PBXBuildFile; fileRef = B76F90BC2244AFAF0064A4D5 /* ProfileEdit.storyboard */; };
		B76F90BF2244B1FD0064A4D5 /* UIView+ARCard.swift in Sources */ = {isa = PBXBuildFile; fileRef = B76F90BE2244B1FD0064A4D5 /* UIView+ARCard.swift */; };
		B76F90C12244B29C0064A4D5 /* UIImageView+ARCard.swift in Sources */ = {isa = PBXBuildFile; fileRef = B76F90C02244B29C0064A4D5 /* UIImageView+ARCard.swift */; };
		B76F90C92244CA090064A4D5 /* UIViewController+ARCard.swift in Sources */ = {isa = PBXBuildFile; fileRef = B76F90C82244CA090064A4D5 /* UIViewController+ARCard.swift */; };
		B76F90CC2244CA4A0064A4D5 /* Debug.storyboard in Resources */ = {isa = PBXBuildFile; fileRef = B76F90CB2244CA4A0064A4D5 /* Debug.storyboard */; };
		B76F90CE2244CC560064A4D5 /* DebugViewController.swift in Sources */ = {isa = PBXBuildFile; fileRef = B76F90CD2244CC560064A4D5 /* DebugViewController.swift */; };
		B76F90D02244CD470064A4D5 /* Storyboard.swift in Sources */ = {isa = PBXBuildFile; fileRef = B76F90CF2244CD470064A4D5 /* Storyboard.swift */; };
		B76F90D22244D11C0064A4D5 /* URL+ARCard.swift in Sources */ = {isa = PBXBuildFile; fileRef = B76F90D12244D11C0064A4D5 /* URL+ARCard.swift */; };
		B79F46D922590B150067E4EE /* Color.xcassets in Resources */ = {isa = PBXBuildFile; fileRef = B79F46D822590B150067E4EE /* Color.xcassets */; };
		B79F46DD22590CD70067E4EE /* MenuButton.storyboard in Resources */ = {isa = PBXBuildFile; fileRef = B79F46DC22590CD70067E4EE /* MenuButton.storyboard */; };
		B79F46DF22590CE40067E4EE /* MenuButtonViewController.swift in Sources */ = {isa = PBXBuildFile; fileRef = B79F46DE22590CE40067E4EE /* MenuButtonViewController.swift */; };
		B79F46E222590D940067E4EE /* MenuViewController.swift in Sources */ = {isa = PBXBuildFile; fileRef = B79F46E122590D940067E4EE /* MenuViewController.swift */; };
		B79F46E422590DA90067E4EE /* Menu.storyboard in Resources */ = {isa = PBXBuildFile; fileRef = B79F46E322590DA90067E4EE /* Menu.storyboard */; };
		B79F4773225914F60067E4EE /* NSObject_Rx.framework in Frameworks */ = {isa = PBXBuildFile; fileRef = B79F473E225914EA0067E4EE /* NSObject_Rx.framework */; };
		B79F4776225920970067E4EE /* Info.storyboard in Resources */ = {isa = PBXBuildFile; fileRef = B79F4775225920970067E4EE /* Info.storyboard */; };
		B79F47782259209D0067E4EE /* InfoViewController.swift in Sources */ = {isa = PBXBuildFile; fileRef = B79F47772259209D0067E4EE /* InfoViewController.swift */; };
		B79F477A22592AC90067E4EE /* Profile.storyboard in Resources */ = {isa = PBXBuildFile; fileRef = B79F477922592AC90067E4EE /* Profile.storyboard */; };
		B79F477C22592AD90067E4EE /* ProfileViewController.swift in Sources */ = {isa = PBXBuildFile; fileRef = B79F477B22592AD90067E4EE /* ProfileViewController.swift */; };
		B79F477E225932500067E4EE /* IconImageView.swift in Sources */ = {isa = PBXBuildFile; fileRef = B79F477D225932500067E4EE /* IconImageView.swift */; };
		B7C89D0622593A8100B417F1 /* History.storyboard in Resources */ = {isa = PBXBuildFile; fileRef = B7C89D0522593A8100B417F1 /* History.storyboard */; };
		B7C89D0822593AD200B417F1 /* HistoryViewController.swift in Sources */ = {isa = PBXBuildFile; fileRef = B7C89D0722593AD200B417F1 /* HistoryViewController.swift */; };
		B7C89D0A22593AE500B417F1 /* HistoryTableViewCell.swift in Sources */ = {isa = PBXBuildFile; fileRef = B7C89D0922593AE500B417F1 /* HistoryTableViewCell.swift */; };
		B7C89D0C22593AF900B417F1 /* HistoryTableViewCell.xib in Resources */ = {isa = PBXBuildFile; fileRef = B7C89D0B22593AF900B417F1 /* HistoryTableViewCell.xib */; };
		B7CE3A59224749E500AD427D /* GoogleService-Info.plist in Resources */ = {isa = PBXBuildFile; fileRef = B7CE3A58224749E500AD427D /* GoogleService-Info.plist */; };
		B7CE3A5C22476B9A00AD427D /* APIClient.swift in Sources */ = {isa = PBXBuildFile; fileRef = B7CE3A5B22476B9A00AD427D /* APIClient.swift */; };
		B7CE3A5E22476C0400AD427D /* APIResult.swift in Sources */ = {isa = PBXBuildFile; fileRef = B7CE3A5D22476C0400AD427D /* APIResult.swift */; };
		B7CE3A6222476C2B00AD427D /* APIRequest.swift in Sources */ = {isa = PBXBuildFile; fileRef = B7CE3A6122476C2B00AD427D /* APIRequest.swift */; };
		B7CE3A6422476C4B00AD427D /* ErrorModel.swift in Sources */ = {isa = PBXBuildFile; fileRef = B7CE3A6322476C4B00AD427D /* ErrorModel.swift */; };
		B7CE3A6822476C9E00AD427D /* AuthAPI.swift in Sources */ = {isa = PBXBuildFile; fileRef = B7CE3A6722476C9E00AD427D /* AuthAPI.swift */; };
		DE071C12F39343ABEDC67A2E /* Pods_ARCardTests.framework in Frameworks */ = {isa = PBXBuildFile; fileRef = FC6C48E7E64FA0DAC06D7B53 /* Pods_ARCardTests.framework */; };
/* End PBXBuildFile section */

/* Begin PBXContainerItemProxy section */
		B76F90542243C4730064A4D5 /* PBXContainerItemProxy */ = {
			isa = PBXContainerItemProxy;
			containerPortal = B76F90372243C4710064A4D5 /* Project object */;
			proxyType = 1;
			remoteGlobalIDString = B76F903E2243C4710064A4D5;
			remoteInfo = ARCard;
		};
		B76F905F2243C4730064A4D5 /* PBXContainerItemProxy */ = {
			isa = PBXContainerItemProxy;
			containerPortal = B76F90372243C4710064A4D5 /* Project object */;
			proxyType = 1;
			remoteGlobalIDString = B76F903E2243C4710064A4D5;
			remoteInfo = ARCard;
		};
/* End PBXContainerItemProxy section */

/* Begin PBXFileReference section */
		38F52266EE3F6874D8739C53 /* Pods-ARCardTests.debug.xcconfig */ = {isa = PBXFileReference; includeInIndex = 1; lastKnownFileType = text.xcconfig; name = "Pods-ARCardTests.debug.xcconfig"; path = "Target Support Files/Pods-ARCardTests/Pods-ARCardTests.debug.xcconfig"; sourceTree = "<group>"; };
		7B486A6A3375E79EBA356F10 /* Pods-ARCardUITests.debug.xcconfig */ = {isa = PBXFileReference; includeInIndex = 1; lastKnownFileType = text.xcconfig; name = "Pods-ARCardUITests.debug.xcconfig"; path = "Target Support Files/Pods-ARCardUITests/Pods-ARCardUITests.debug.xcconfig"; sourceTree = "<group>"; };
		8DC09F28BDA6B9A354F9AB33 /* Pods_ARCard.framework */ = {isa = PBXFileReference; explicitFileType = wrapper.framework; includeInIndex = 0; path = Pods_ARCard.framework; sourceTree = BUILT_PRODUCTS_DIR; };
		B76F903F2243C4710064A4D5 /* ARCard.app */ = {isa = PBXFileReference; explicitFileType = wrapper.application; includeInIndex = 0; path = ARCard.app; sourceTree = BUILT_PRODUCTS_DIR; };
		B76F90422243C4710064A4D5 /* AppDelegate.swift */ = {isa = PBXFileReference; lastKnownFileType = sourcecode.swift; path = AppDelegate.swift; sourceTree = "<group>"; };
		B76F90492243C4730064A4D5 /* Assets.xcassets */ = {isa = PBXFileReference; lastKnownFileType = folder.assetcatalog; path = Assets.xcassets; sourceTree = "<group>"; };
		B76F904C2243C4730064A4D5 /* Base */ = {isa = PBXFileReference; lastKnownFileType = file.storyboard; name = Base; path = Base.lproj/LaunchScreen.storyboard; sourceTree = "<group>"; };
		B76F904E2243C4730064A4D5 /* Info.plist */ = {isa = PBXFileReference; lastKnownFileType = text.plist.xml; path = Info.plist; sourceTree = "<group>"; };
		B76F90532243C4730064A4D5 /* ARCardTests.xctest */ = {isa = PBXFileReference; explicitFileType = wrapper.cfbundle; includeInIndex = 0; path = ARCardTests.xctest; sourceTree = BUILT_PRODUCTS_DIR; };
		B76F90572243C4730064A4D5 /* ARCardTests.swift */ = {isa = PBXFileReference; lastKnownFileType = sourcecode.swift; path = ARCardTests.swift; sourceTree = "<group>"; };
		B76F90592243C4730064A4D5 /* Info.plist */ = {isa = PBXFileReference; lastKnownFileType = text.plist.xml; path = Info.plist; sourceTree = "<group>"; };
		B76F905E2243C4730064A4D5 /* ARCardUITests.xctest */ = {isa = PBXFileReference; explicitFileType = wrapper.cfbundle; includeInIndex = 0; path = ARCardUITests.xctest; sourceTree = BUILT_PRODUCTS_DIR; };
		B76F90622243C4730064A4D5 /* ARCardUITests.swift */ = {isa = PBXFileReference; lastKnownFileType = sourcecode.swift; path = ARCardUITests.swift; sourceTree = "<group>"; };
		B76F90642243C4730064A4D5 /* Info.plist */ = {isa = PBXFileReference; lastKnownFileType = text.plist.xml; path = Info.plist; sourceTree = "<group>"; };
		B76F90702243C7910064A4D5 /* Device.framework */ = {isa = PBXFileReference; lastKnownFileType = wrapper.framework; name = Device.framework; path = Carthage/Build/iOS/Device.framework; sourceTree = "<group>"; };
		B76F90712243C7910064A4D5 /* PKHUD.framework */ = {isa = PBXFileReference; lastKnownFileType = wrapper.framework; name = PKHUD.framework; path = Carthage/Build/iOS/PKHUD.framework; sourceTree = "<group>"; };
		B76F90722243C7910064A4D5 /* SnapKit.framework */ = {isa = PBXFileReference; lastKnownFileType = wrapper.framework; name = SnapKit.framework; path = Carthage/Build/iOS/SnapKit.framework; sourceTree = "<group>"; };
		B76F90732243C7910064A4D5 /* SwiftyUserDefaults.framework */ = {isa = PBXFileReference; lastKnownFileType = wrapper.framework; name = SwiftyUserDefaults.framework; path = Carthage/Build/iOS/SwiftyUserDefaults.framework; sourceTree = "<group>"; };
		B76F90742243C7910064A4D5 /* Validator.framework */ = {isa = PBXFileReference; lastKnownFileType = wrapper.framework; name = Validator.framework; path = Carthage/Build/iOS/Validator.framework; sourceTree = "<group>"; };
		B76F90752243C7920064A4D5 /* KeychainAccess.framework */ = {isa = PBXFileReference; lastKnownFileType = wrapper.framework; name = KeychainAccess.framework; path = Carthage/Build/iOS/KeychainAccess.framework; sourceTree = "<group>"; };
		B76F90762243C7920064A4D5 /* ActiveLabel.framework */ = {isa = PBXFileReference; lastKnownFileType = wrapper.framework; name = ActiveLabel.framework; path = Carthage/Build/iOS/ActiveLabel.framework; sourceTree = "<group>"; };
		B76F90772243C7920064A4D5 /* Alamofire.framework */ = {isa = PBXFileReference; lastKnownFileType = wrapper.framework; name = Alamofire.framework; path = Carthage/Build/iOS/Alamofire.framework; sourceTree = "<group>"; };
		B76F90782243C7920064A4D5 /* RxCocoa.framework */ = {isa = PBXFileReference; lastKnownFileType = wrapper.framework; name = RxCocoa.framework; path = Carthage/Build/iOS/RxCocoa.framework; sourceTree = "<group>"; };
		B76F90792243C7920064A4D5 /* RxSwift.framework */ = {isa = PBXFileReference; lastKnownFileType = wrapper.framework; name = RxSwift.framework; path = Carthage/Build/iOS/RxSwift.framework; sourceTree = "<group>"; };
		B76F907A2243C7920064A4D5 /* FontAwesome.framework */ = {isa = PBXFileReference; lastKnownFileType = wrapper.framework; name = FontAwesome.framework; path = Carthage/Build/iOS/FontAwesome.framework; sourceTree = "<group>"; };
		B76F907B2243C7920064A4D5 /* Nuke.framework */ = {isa = PBXFileReference; lastKnownFileType = wrapper.framework; name = Nuke.framework; path = Carthage/Build/iOS/Nuke.framework; sourceTree = "<group>"; };
		B76F908B2243C8C60064A4D5 /* Settings.bundle */ = {isa = PBXFileReference; lastKnownFileType = "wrapper.plug-in"; path = Settings.bundle; sourceTree = "<group>"; };
		B76F90912243CA310064A4D5 /* RegistViewController.swift */ = {isa = PBXFileReference; lastKnownFileType = sourcecode.swift; path = RegistViewController.swift; sourceTree = "<group>"; };
		B76F90992243D42B0064A4D5 /* Regist.storyboard */ = {isa = PBXFileReference; lastKnownFileType = file.storyboard; path = Regist.storyboard; sourceTree = "<group>"; };
		B76F909C2243DA610064A4D5 /* Notification+ARCard.swift */ = {isa = PBXFileReference; lastKnownFileType = sourcecode.swift; path = "Notification+ARCard.swift"; sourceTree = "<group>"; };
		B76F909E2243ED930064A4D5 /* UIScrollView+ARCard.swift */ = {isa = PBXFileReference; lastKnownFileType = sourcecode.swift; path = "UIScrollView+ARCard.swift"; sourceTree = "<group>"; };
		B76F90A02243F5B30064A4D5 /* RegistModel.swift */ = {isa = PBXFileReference; lastKnownFileType = sourcecode.swift; path = RegistModel.swift; sourceTree = "<group>"; };
		B76F90A22243F5BC0064A4D5 /* RegistViewModel.swift */ = {isa = PBXFileReference; lastKnownFileType = sourcecode.swift; path = RegistViewModel.swift; sourceTree = "<group>"; };
		B76F90A622449FD00064A4D5 /* AR.storyboard */ = {isa = PBXFileReference; lastKnownFileType = file.storyboard; path = AR.storyboard; sourceTree = "<group>"; };
		B76F90A82244A0010064A4D5 /* ARViewController.swift */ = {isa = PBXFileReference; lastKnownFileType = sourcecode.swift; path = ARViewController.swift; sourceTree = "<group>"; };
		B76F90AB2244A14C0064A4D5 /* Setting.storyboard */ = {isa = PBXFileReference; lastKnownFileType = file.storyboard; path = Setting.storyboard; sourceTree = "<group>"; };
		B76F90B02244A4D70064A4D5 /* SettingTableViewController.swift */ = {isa = PBXFileReference; lastKnownFileType = sourcecode.swift; path = SettingTableViewController.swift; sourceTree = "<group>"; };
		B76F90B32244AADD0064A4D5 /* AlertHandler.swift */ = {isa = PBXFileReference; lastKnownFileType = sourcecode.swift; path = AlertHandler.swift; sourceTree = "<group>"; };
		B76F90B92244AF830064A4D5 /* ProfileEditViewController.swift */ = {isa = PBXFileReference; lastKnownFileType = sourcecode.swift; path = ProfileEditViewController.swift; sourceTree = "<group>"; };
		B76F90BC2244AFAF0064A4D5 /* ProfileEdit.storyboard */ = {isa = PBXFileReference; lastKnownFileType = file.storyboard; path = ProfileEdit.storyboard; sourceTree = "<group>"; };
		B76F90BE2244B1FD0064A4D5 /* UIView+ARCard.swift */ = {isa = PBXFileReference; lastKnownFileType = sourcecode.swift; path = "UIView+ARCard.swift"; sourceTree = "<group>"; };
		B76F90C02244B29C0064A4D5 /* UIImageView+ARCard.swift */ = {isa = PBXFileReference; lastKnownFileType = sourcecode.swift; path = "UIImageView+ARCard.swift"; sourceTree = "<group>"; };
		B76F90C82244CA090064A4D5 /* UIViewController+ARCard.swift */ = {isa = PBXFileReference; lastKnownFileType = sourcecode.swift; path = "UIViewController+ARCard.swift"; sourceTree = "<group>"; };
		B76F90CB2244CA4A0064A4D5 /* Debug.storyboard */ = {isa = PBXFileReference; lastKnownFileType = file.storyboard; path = Debug.storyboard; sourceTree = "<group>"; };
		B76F90CD2244CC560064A4D5 /* DebugViewController.swift */ = {isa = PBXFileReference; lastKnownFileType = sourcecode.swift; path = DebugViewController.swift; sourceTree = "<group>"; };
		B76F90CF2244CD470064A4D5 /* Storyboard.swift */ = {isa = PBXFileReference; lastKnownFileType = sourcecode.swift; path = Storyboard.swift; sourceTree = "<group>"; };
		B76F90D12244D11C0064A4D5 /* URL+ARCard.swift */ = {isa = PBXFileReference; lastKnownFileType = sourcecode.swift; path = "URL+ARCard.swift"; sourceTree = "<group>"; };
		B79F46D822590B150067E4EE /* Color.xcassets */ = {isa = PBXFileReference; lastKnownFileType = folder.assetcatalog; path = Color.xcassets; sourceTree = "<group>"; };
		B79F46DC22590CD70067E4EE /* MenuButton.storyboard */ = {isa = PBXFileReference; lastKnownFileType = file.storyboard; path = MenuButton.storyboard; sourceTree = "<group>"; };
		B79F46DE22590CE40067E4EE /* MenuButtonViewController.swift */ = {isa = PBXFileReference; lastKnownFileType = sourcecode.swift; path = MenuButtonViewController.swift; sourceTree = "<group>"; };
		B79F46E122590D940067E4EE /* MenuViewController.swift */ = {isa = PBXFileReference; lastKnownFileType = sourcecode.swift; path = MenuViewController.swift; sourceTree = "<group>"; };
		B79F46E322590DA90067E4EE /* Menu.storyboard */ = {isa = PBXFileReference; lastKnownFileType = file.storyboard; path = Menu.storyboard; sourceTree = "<group>"; };
		B79F46E6225914EA0067E4EE /* .NSObject-Rx.version */ = {isa = PBXFileReference; lastKnownFileType = text; path = ".NSObject-Rx.version"; sourceTree = "<group>"; };
		B79F46E7225914EA0067E4EE /* .KeychainAccess.version */ = {isa = PBXFileReference; lastKnownFileType = text; path = .KeychainAccess.version; sourceTree = "<group>"; };
		B79F46E8225914EA0067E4EE /* .Device.version */ = {isa = PBXFileReference; lastKnownFileType = text; path = .Device.version; sourceTree = "<group>"; };
		B79F46E9225914EA0067E4EE /* .Alamofire.version */ = {isa = PBXFileReference; lastKnownFileType = text; path = .Alamofire.version; sourceTree = "<group>"; };
		B79F46EB225914EA0067E4EE /* 1B5E84E9-F74C-3C00-BCCD-8B010FE1CEF0.bcsymbolmap */ = {isa = PBXFileReference; lastKnownFileType = text; path = "1B5E84E9-F74C-3C00-BCCD-8B010FE1CEF0.bcsymbolmap"; sourceTree = "<group>"; };
		B79F46EC225914EA0067E4EE /* 8BA18AEE-69F4-37D7-9826-786A815A07DD.bcsymbolmap */ = {isa = PBXFileReference; lastKnownFileType = text; path = "8BA18AEE-69F4-37D7-9826-786A815A07DD.bcsymbolmap"; sourceTree = "<group>"; };
		B79F46ED225914EA0067E4EE /* RxBlocking.framework.dSYM */ = {isa = PBXFileReference; lastKnownFileType = wrapper.dsym; path = RxBlocking.framework.dSYM; sourceTree = "<group>"; };
		B79F46EE225914EA0067E4EE /* RxAtomic.framework.dSYM */ = {isa = PBXFileReference; lastKnownFileType = wrapper.dsym; path = RxAtomic.framework.dSYM; sourceTree = "<group>"; };
		B79F46EF225914EA0067E4EE /* FontAwesome.framework */ = {isa = PBXFileReference; lastKnownFileType = wrapper.framework; path = FontAwesome.framework; sourceTree = "<group>"; };
		B79F46F0225914EA0067E4EE /* 115248CA-BC52-3A0A-B3AB-053E51ED0013.bcsymbolmap */ = {isa = PBXFileReference; lastKnownFileType = text; path = "115248CA-BC52-3A0A-B3AB-053E51ED0013.bcsymbolmap"; sourceTree = "<group>"; };
		B79F46F1225914EA0067E4EE /* RxCocoa.framework.dSYM */ = {isa = PBXFileReference; lastKnownFileType = wrapper.dsym; path = RxCocoa.framework.dSYM; sourceTree = "<group>"; };
		B79F46F2225914EA0067E4EE /* C781FFA2-D555-397D-A22E-5265DB6D3164.bcsymbolmap */ = {isa = PBXFileReference; lastKnownFileType = text; path = "C781FFA2-D555-397D-A22E-5265DB6D3164.bcsymbolmap"; sourceTree = "<group>"; };
		B79F46F3225914EA0067E4EE /* 47664D76-7B7F-39F9-A857-1A5C1E7F0B67.bcsymbolmap */ = {isa = PBXFileReference; lastKnownFileType = text; path = "47664D76-7B7F-39F9-A857-1A5C1E7F0B67.bcsymbolmap"; sourceTree = "<group>"; };
		B79F46F4225914EA0067E4EE /* RxSwift.framework.dSYM */ = {isa = PBXFileReference; lastKnownFileType = wrapper.dsym; path = RxSwift.framework.dSYM; sourceTree = "<group>"; };
		B79F46F5225914EA0067E4EE /* RxAtomic.framework */ = {isa = PBXFileReference; lastKnownFileType = wrapper.framework; path = RxAtomic.framework; sourceTree = "<group>"; };
		B79F46F6225914EA0067E4EE /* 580AA8E0-E59F-3608-A369-77D7B7F31E01.bcsymbolmap */ = {isa = PBXFileReference; lastKnownFileType = text; path = "580AA8E0-E59F-3608-A369-77D7B7F31E01.bcsymbolmap"; sourceTree = "<group>"; };
		B79F46F7225914EA0067E4EE /* 4C68D3A0-A809-3D37-8AF0-4D7DCF426727.bcsymbolmap */ = {isa = PBXFileReference; lastKnownFileType = text; path = "4C68D3A0-A809-3D37-8AF0-4D7DCF426727.bcsymbolmap"; sourceTree = "<group>"; };
		B79F46F8225914EA0067E4EE /* E4A88D93-98B2-3A8B-AFB5-E7255DA1CA59.bcsymbolmap */ = {isa = PBXFileReference; lastKnownFileType = text; path = "E4A88D93-98B2-3A8B-AFB5-E7255DA1CA59.bcsymbolmap"; sourceTree = "<group>"; };
		B79F46F9225914EA0067E4EE /* B6206203-6191-36D9-B193-920D5E5F0539.bcsymbolmap */ = {isa = PBXFileReference; lastKnownFileType = text; path = "B6206203-6191-36D9-B193-920D5E5F0539.bcsymbolmap"; sourceTree = "<group>"; };
		B79F46FA225914EA0067E4EE /* RxCocoa.framework */ = {isa = PBXFileReference; lastKnownFileType = wrapper.framework; path = RxCocoa.framework; sourceTree = "<group>"; };
		B79F46FB225914EA0067E4EE /* 04ABBC72-62D4-385D-9321-D809B3FDF877.bcsymbolmap */ = {isa = PBXFileReference; lastKnownFileType = text; path = "04ABBC72-62D4-385D-9321-D809B3FDF877.bcsymbolmap"; sourceTree = "<group>"; };
		B79F46FC225914EA0067E4EE /* RxSwift.framework */ = {isa = PBXFileReference; lastKnownFileType = wrapper.framework; path = RxSwift.framework; sourceTree = "<group>"; };
		B79F46FD225914EA0067E4EE /* 6C5257BF-0661-33BF-B262-91104E126784.bcsymbolmap */ = {isa = PBXFileReference; lastKnownFileType = text; path = "6C5257BF-0661-33BF-B262-91104E126784.bcsymbolmap"; sourceTree = "<group>"; };
		B79F46FE225914EA0067E4EE /* RxBlocking.framework */ = {isa = PBXFileReference; lastKnownFileType = wrapper.framework; path = RxBlocking.framework; sourceTree = "<group>"; };
		B79F46FF225914EA0067E4EE /* 68FB2B47-77CB-3D5E-A68E-C68A24C1AA30.bcsymbolmap */ = {isa = PBXFileReference; lastKnownFileType = text; path = "68FB2B47-77CB-3D5E-A68E-C68A24C1AA30.bcsymbolmap"; sourceTree = "<group>"; };
		B79F4700225914EA0067E4EE /* FontAwesome.framework.dSYM */ = {isa = PBXFileReference; lastKnownFileType = wrapper.dsym; path = FontAwesome.framework.dSYM; sourceTree = "<group>"; };
		B79F4701225914EA0067E4EE /* .RxSwift.version */ = {isa = PBXFileReference; lastKnownFileType = text; path = .RxSwift.version; sourceTree = "<group>"; };
		B79F4702225914EA0067E4EE /* .ActiveLabel.swift.version */ = {isa = PBXFileReference; lastKnownFileType = text; path = .ActiveLabel.swift.version; sourceTree = "<group>"; };
		B79F4703225914EA0067E4EE /* .Nuke.version */ = {isa = PBXFileReference; lastKnownFileType = text; path = .Nuke.version; sourceTree = "<group>"; };
		B79F4705225914EA0067E4EE /* NSObject_Rx.framework.dSYM */ = {isa = PBXFileReference; lastKnownFileType = wrapper.dsym; path = NSObject_Rx.framework.dSYM; sourceTree = "<group>"; };
		B79F4706225914EA0067E4EE /* Validator.framework.dSYM */ = {isa = PBXFileReference; lastKnownFileType = wrapper.dsym; path = Validator.framework.dSYM; sourceTree = "<group>"; };
		B79F4707225914EA0067E4EE /* CED74B5E-77C9-34D6-B9F7-7264B32634FC.bcsymbolmap */ = {isa = PBXFileReference; lastKnownFileType = text; path = "CED74B5E-77C9-34D6-B9F7-7264B32634FC.bcsymbolmap"; sourceTree = "<group>"; };
		B79F4708225914EA0067E4EE /* 032FA2F3-E03D-30CF-B319-B0DC92D92F5F.bcsymbolmap */ = {isa = PBXFileReference; lastKnownFileType = text; path = "032FA2F3-E03D-30CF-B319-B0DC92D92F5F.bcsymbolmap"; sourceTree = "<group>"; };
		B79F4709225914EA0067E4EE /* F9F3962D-52A0-3DC2-8419-F7DB25E8FAC8.bcsymbolmap */ = {isa = PBXFileReference; lastKnownFileType = text; path = "F9F3962D-52A0-3DC2-8419-F7DB25E8FAC8.bcsymbolmap"; sourceTree = "<group>"; };
		B79F470A225914EA0067E4EE /* 89E65B6D-98E1-31F3-84B6-F552BD85D809.bcsymbolmap */ = {isa = PBXFileReference; lastKnownFileType = text; path = "89E65B6D-98E1-31F3-84B6-F552BD85D809.bcsymbolmap"; sourceTree = "<group>"; };
		B79F470B225914EA0067E4EE /* ActiveLabel.framework */ = {isa = PBXFileReference; lastKnownFileType = wrapper.framework; path = ActiveLabel.framework; sourceTree = "<group>"; };
		B79F470C225914EA0067E4EE /* KeychainAccess.framework */ = {isa = PBXFileReference; lastKnownFileType = wrapper.framework; path = KeychainAccess.framework; sourceTree = "<group>"; };
		B79F470D225914EA0067E4EE /* 55F8848F-1ACA-3142-8F4E-5648BB71FEB3.bcsymbolmap */ = {isa = PBXFileReference; lastKnownFileType = text; path = "55F8848F-1ACA-3142-8F4E-5648BB71FEB3.bcsymbolmap"; sourceTree = "<group>"; };
		B79F470E225914EA0067E4EE /* RxBlocking.framework.dSYM */ = {isa = PBXFileReference; lastKnownFileType = wrapper.dsym; path = RxBlocking.framework.dSYM; sourceTree = "<group>"; };
		B79F470F225914EA0067E4EE /* 3918894E-69A0-343D-8B10-86A65F33BC5E.bcsymbolmap */ = {isa = PBXFileReference; lastKnownFileType = text; path = "3918894E-69A0-343D-8B10-86A65F33BC5E.bcsymbolmap"; sourceTree = "<group>"; };
		B79F4710225914EA0067E4EE /* D17A0050-8D53-3577-A7B3-4B27219F6D89.bcsymbolmap */ = {isa = PBXFileReference; lastKnownFileType = text; path = "D17A0050-8D53-3577-A7B3-4B27219F6D89.bcsymbolmap"; sourceTree = "<group>"; };
		B79F4711225914EA0067E4EE /* 99CAFF91-EB82-345C-90BA-8AB06E75327F.bcsymbolmap */ = {isa = PBXFileReference; lastKnownFileType = text; path = "99CAFF91-EB82-345C-90BA-8AB06E75327F.bcsymbolmap"; sourceTree = "<group>"; };
		B79F4712225914EA0067E4EE /* KeychainAccess.framework.dSYM */ = {isa = PBXFileReference; lastKnownFileType = wrapper.dsym; path = KeychainAccess.framework.dSYM; sourceTree = "<group>"; };
		B79F4713225914EA0067E4EE /* F158A6D0-3C04-3727-BCB7-DE278733EF89.bcsymbolmap */ = {isa = PBXFileReference; lastKnownFileType = text; path = "F158A6D0-3C04-3727-BCB7-DE278733EF89.bcsymbolmap"; sourceTree = "<group>"; };
		B79F4714225914EA0067E4EE /* 043E3BFC-B7C0-316C-A0FA-01F70B8477A1.bcsymbolmap */ = {isa = PBXFileReference; lastKnownFileType = text; path = "043E3BFC-B7C0-316C-A0FA-01F70B8477A1.bcsymbolmap"; sourceTree = "<group>"; };
		B79F4715225914EA0067E4EE /* Nuke.framework.dSYM */ = {isa = PBXFileReference; lastKnownFileType = wrapper.dsym; path = Nuke.framework.dSYM; sourceTree = "<group>"; };
		B79F4716225914EA0067E4EE /* 2DF699FA-58A1-3DF5-8041-B01A0FE7C3C1.bcsymbolmap */ = {isa = PBXFileReference; lastKnownFileType = text; path = "2DF699FA-58A1-3DF5-8041-B01A0FE7C3C1.bcsymbolmap"; sourceTree = "<group>"; };
		B79F4717225914EA0067E4EE /* Validator.framework */ = {isa = PBXFileReference; lastKnownFileType = wrapper.framework; path = Validator.framework; sourceTree = "<group>"; };
		B79F4718225914EA0067E4EE /* SnapKit.framework.dSYM */ = {isa = PBXFileReference; lastKnownFileType = wrapper.dsym; path = SnapKit.framework.dSYM; sourceTree = "<group>"; };
		B79F4719225914EA0067E4EE /* BF5F889A-8173-35E9-9770-D70A70B6ABA7.bcsymbolmap */ = {isa = PBXFileReference; lastKnownFileType = text; path = "BF5F889A-8173-35E9-9770-D70A70B6ABA7.bcsymbolmap"; sourceTree = "<group>"; };
		B79F471A225914EA0067E4EE /* 7A05062B-6283-3505-B8A6-7D9217EB9D1A.bcsymbolmap */ = {isa = PBXFileReference; lastKnownFileType = text; path = "7A05062B-6283-3505-B8A6-7D9217EB9D1A.bcsymbolmap"; sourceTree = "<group>"; };
		B79F471B225914EA0067E4EE /* D616C2E6-6690-32D2-952B-4CBD323CBDB6.bcsymbolmap */ = {isa = PBXFileReference; lastKnownFileType = text; path = "D616C2E6-6690-32D2-952B-4CBD323CBDB6.bcsymbolmap"; sourceTree = "<group>"; };
		B79F471C225914EA0067E4EE /* 363BE65C-1913-3B26-AB67-9748F9E1841D.bcsymbolmap */ = {isa = PBXFileReference; lastKnownFileType = text; path = "363BE65C-1913-3B26-AB67-9748F9E1841D.bcsymbolmap"; sourceTree = "<group>"; };
		B79F471D225914EA0067E4EE /* E0774270-5CE2-3B0F-B936-D3A0AA635EF4.bcsymbolmap */ = {isa = PBXFileReference; lastKnownFileType = text; path = "E0774270-5CE2-3B0F-B936-D3A0AA635EF4.bcsymbolmap"; sourceTree = "<group>"; };
		B79F471E225914EA0067E4EE /* RxAtomic.framework.dSYM */ = {isa = PBXFileReference; lastKnownFileType = wrapper.dsym; path = RxAtomic.framework.dSYM; sourceTree = "<group>"; };
		B79F471F225914EA0067E4EE /* RxTest.framework */ = {isa = PBXFileReference; lastKnownFileType = wrapper.framework; path = RxTest.framework; sourceTree = "<group>"; };
		B79F4720225914EA0067E4EE /* PKHUD.framework.dSYM */ = {isa = PBXFileReference; lastKnownFileType = wrapper.dsym; path = PKHUD.framework.dSYM; sourceTree = "<group>"; };
		B79F4721225914EA0067E4EE /* FontAwesome.framework */ = {isa = PBXFileReference; lastKnownFileType = wrapper.framework; path = FontAwesome.framework; sourceTree = "<group>"; };
		B79F4722225914EA0067E4EE /* C5D36121-EB2A-36AF-B06A-2D9E060FE78F.bcsymbolmap */ = {isa = PBXFileReference; lastKnownFileType = text; path = "C5D36121-EB2A-36AF-B06A-2D9E060FE78F.bcsymbolmap"; sourceTree = "<group>"; };
		B79F4723225914EA0067E4EE /* 12A69181-6D7A-3894-BE5D-1F55D38F25DA.bcsymbolmap */ = {isa = PBXFileReference; lastKnownFileType = text; path = "12A69181-6D7A-3894-BE5D-1F55D38F25DA.bcsymbolmap"; sourceTree = "<group>"; };
		B79F4724225914EA0067E4EE /* 5C5AEB7E-1C46-3A9A-B614-3E846188E7CA.bcsymbolmap */ = {isa = PBXFileReference; lastKnownFileType = text; path = "5C5AEB7E-1C46-3A9A-B614-3E846188E7CA.bcsymbolmap"; sourceTree = "<group>"; };
		B79F4725225914EA0067E4EE /* 4E3D788B-F415-3CEC-84C6-131A6D4A33A8.bcsymbolmap */ = {isa = PBXFileReference; lastKnownFileType = text; path = "4E3D788B-F415-3CEC-84C6-131A6D4A33A8.bcsymbolmap"; sourceTree = "<group>"; };
		B79F4726225914EA0067E4EE /* RxCocoa.framework.dSYM */ = {isa = PBXFileReference; lastKnownFileType = wrapper.dsym; path = RxCocoa.framework.dSYM; sourceTree = "<group>"; };
		B79F4727225914EA0067E4EE /* 157EF01E-05F5-3AD4-B40E-AC20A60E1967.bcsymbolmap */ = {isa = PBXFileReference; lastKnownFileType = text; path = "157EF01E-05F5-3AD4-B40E-AC20A60E1967.bcsymbolmap"; sourceTree = "<group>"; };
		B79F4728225914EA0067E4EE /* 8727CF6E-503E-3CFC-BD6D-90891A8A7082.bcsymbolmap */ = {isa = PBXFileReference; lastKnownFileType = text; path = "8727CF6E-503E-3CFC-BD6D-90891A8A7082.bcsymbolmap"; sourceTree = "<group>"; };
		B79F4729225914EA0067E4EE /* BDFC9843-0197-35F2-B10C-08AEC0DBC313.bcsymbolmap */ = {isa = PBXFileReference; lastKnownFileType = text; path = "BDFC9843-0197-35F2-B10C-08AEC0DBC313.bcsymbolmap"; sourceTree = "<group>"; };
		B79F472A225914EA0067E4EE /* 235C1B1B-EB3A-31AB-8C60-5DDACE051DD5.bcsymbolmap */ = {isa = PBXFileReference; lastKnownFileType = text; path = "235C1B1B-EB3A-31AB-8C60-5DDACE051DD5.bcsymbolmap"; sourceTree = "<group>"; };
		B79F472B225914EA0067E4EE /* RxSwift.framework.dSYM */ = {isa = PBXFileReference; lastKnownFileType = wrapper.dsym; path = RxSwift.framework.dSYM; sourceTree = "<group>"; };
		B79F472C225914EA0067E4EE /* 7AC6F44C-A1A8-3323-826A-C9868F7B2EC2.bcsymbolmap */ = {isa = PBXFileReference; lastKnownFileType = text; path = "7AC6F44C-A1A8-3323-826A-C9868F7B2EC2.bcsymbolmap"; sourceTree = "<group>"; };
		B79F472D225914EA0067E4EE /* 1E62B5F1-D2DB-3DD0-9C8C-BF33B46D6E9A.bcsymbolmap */ = {isa = PBXFileReference; lastKnownFileType = text; path = "1E62B5F1-D2DB-3DD0-9C8C-BF33B46D6E9A.bcsymbolmap"; sourceTree = "<group>"; };
		B79F472E225914EA0067E4EE /* 5C7DDBBE-FBCA-3775-B4FC-4592DC7E3392.bcsymbolmap */ = {isa = PBXFileReference; lastKnownFileType = text; path = "5C7DDBBE-FBCA-3775-B4FC-4592DC7E3392.bcsymbolmap"; sourceTree = "<group>"; };
		B79F472F225914EA0067E4EE /* RxAtomic.framework */ = {isa = PBXFileReference; lastKnownFileType = wrapper.framework; path = RxAtomic.framework; sourceTree = "<group>"; };
		B79F4730225914EA0067E4EE /* 2BD5EFBA-E239-3E79-B00C-1C4DBFEA7510.bcsymbolmap */ = {isa = PBXFileReference; lastKnownFileType = text; path = "2BD5EFBA-E239-3E79-B00C-1C4DBFEA7510.bcsymbolmap"; sourceTree = "<group>"; };
		B79F4731225914EA0067E4EE /* 5E74B4D7-A806-3741-9484-FD06A761BEDF.bcsymbolmap */ = {isa = PBXFileReference; lastKnownFileType = text; path = "5E74B4D7-A806-3741-9484-FD06A761BEDF.bcsymbolmap"; sourceTree = "<group>"; };
		B79F4732225914EA0067E4EE /* A551810E-DDD7-310F-97C9-1091ECE86E10.bcsymbolmap */ = {isa = PBXFileReference; lastKnownFileType = text; path = "A551810E-DDD7-310F-97C9-1091ECE86E10.bcsymbolmap"; sourceTree = "<group>"; };
		B79F4733225914EA0067E4EE /* RxTest.framework.dSYM */ = {isa = PBXFileReference; lastKnownFileType = wrapper.dsym; path = RxTest.framework.dSYM; sourceTree = "<group>"; };
		B79F4734225914EA0067E4EE /* SnapKit.framework */ = {isa = PBXFileReference; lastKnownFileType = wrapper.framework; path = SnapKit.framework; sourceTree = "<group>"; };
		B79F4735225914EA0067E4EE /* Alamofire.framework */ = {isa = PBXFileReference; lastKnownFileType = wrapper.framework; path = Alamofire.framework; sourceTree = "<group>"; };
		B79F4736225914EA0067E4EE /* D780457F-DFD1-3FAF-9901-8C818FA716F1.bcsymbolmap */ = {isa = PBXFileReference; lastKnownFileType = text; path = "D780457F-DFD1-3FAF-9901-8C818FA716F1.bcsymbolmap"; sourceTree = "<group>"; };
		B79F4737225914EA0067E4EE /* SwiftyUserDefaults.framework */ = {isa = PBXFileReference; lastKnownFileType = wrapper.framework; path = SwiftyUserDefaults.framework; sourceTree = "<group>"; };
		B79F4738225914EA0067E4EE /* C6CC94DB-045E-3828-8C63-E4610B9C74AD.bcsymbolmap */ = {isa = PBXFileReference; lastKnownFileType = text; path = "C6CC94DB-045E-3828-8C63-E4610B9C74AD.bcsymbolmap"; sourceTree = "<group>"; };
		B79F4739225914EA0067E4EE /* ActiveLabel.framework.dSYM */ = {isa = PBXFileReference; lastKnownFileType = wrapper.dsym; path = ActiveLabel.framework.dSYM; sourceTree = "<group>"; };
		B79F473A225914EA0067E4EE /* 84483FA4-D5F4-36EC-99A9-23CFCC6FE3FC.bcsymbolmap */ = {isa = PBXFileReference; lastKnownFileType = text; path = "84483FA4-D5F4-36EC-99A9-23CFCC6FE3FC.bcsymbolmap"; sourceTree = "<group>"; };
		B79F473B225914EA0067E4EE /* Device.framework.dSYM */ = {isa = PBXFileReference; lastKnownFileType = wrapper.dsym; path = Device.framework.dSYM; sourceTree = "<group>"; };
		B79F473C225914EA0067E4EE /* D04BD097-5BD2-3E70-82F4-C4062B8E7097.bcsymbolmap */ = {isa = PBXFileReference; lastKnownFileType = text; path = "D04BD097-5BD2-3E70-82F4-C4062B8E7097.bcsymbolmap"; sourceTree = "<group>"; };
		B79F473D225914EA0067E4EE /* 99D146E0-BC8C-3E76-83AE-3EF5F9DE6EE2.bcsymbolmap */ = {isa = PBXFileReference; lastKnownFileType = text; path = "99D146E0-BC8C-3E76-83AE-3EF5F9DE6EE2.bcsymbolmap"; sourceTree = "<group>"; };
		B79F473E225914EA0067E4EE /* NSObject_Rx.framework */ = {isa = PBXFileReference; lastKnownFileType = wrapper.framework; path = NSObject_Rx.framework; sourceTree = "<group>"; };
		B79F473F225914EA0067E4EE /* 0B781AB5-9113-3BF9-9B0C-16C53797AF11.bcsymbolmap */ = {isa = PBXFileReference; lastKnownFileType = text; path = "0B781AB5-9113-3BF9-9B0C-16C53797AF11.bcsymbolmap"; sourceTree = "<group>"; };
		B79F4740225914EA0067E4EE /* 94AF1241-E62E-3AF5-86A9-48B8E9250942.bcsymbolmap */ = {isa = PBXFileReference; lastKnownFileType = text; path = "94AF1241-E62E-3AF5-86A9-48B8E9250942.bcsymbolmap"; sourceTree = "<group>"; };
		B79F4741225914EA0067E4EE /* A3EB3BBB-E69F-3292-BBDD-546E5B3F2816.bcsymbolmap */ = {isa = PBXFileReference; lastKnownFileType = text; path = "A3EB3BBB-E69F-3292-BBDD-546E5B3F2816.bcsymbolmap"; sourceTree = "<group>"; };
		B79F4742225914EA0067E4EE /* Device.framework */ = {isa = PBXFileReference; lastKnownFileType = wrapper.framework; path = Device.framework; sourceTree = "<group>"; };
		B79F4743225914EA0067E4EE /* PKHUD.framework */ = {isa = PBXFileReference; lastKnownFileType = wrapper.framework; path = PKHUD.framework; sourceTree = "<group>"; };
		B79F4744225914EA0067E4EE /* RxCocoa.framework */ = {isa = PBXFileReference; lastKnownFileType = wrapper.framework; path = RxCocoa.framework; sourceTree = "<group>"; };
		B79F4745225914EA0067E4EE /* A75F7F38-709D-3844-9475-3F602C6CF09D.bcsymbolmap */ = {isa = PBXFileReference; lastKnownFileType = text; path = "A75F7F38-709D-3844-9475-3F602C6CF09D.bcsymbolmap"; sourceTree = "<group>"; };
		B79F4746225914EA0067E4EE /* 67EF0932-B99B-3563-BE6A-A7CE1B0413E3.bcsymbolmap */ = {isa = PBXFileReference; lastKnownFileType = text; path = "67EF0932-B99B-3563-BE6A-A7CE1B0413E3.bcsymbolmap"; sourceTree = "<group>"; };
		B79F4747225914EA0067E4EE /* RxSwift.framework */ = {isa = PBXFileReference; lastKnownFileType = wrapper.framework; path = RxSwift.framework; sourceTree = "<group>"; };
		B79F4748225914EA0067E4EE /* 0CDFB614-158F-367A-8DA1-0CE4156895B7.bcsymbolmap */ = {isa = PBXFileReference; lastKnownFileType = text; path = "0CDFB614-158F-367A-8DA1-0CE4156895B7.bcsymbolmap"; sourceTree = "<group>"; };
		B79F4749225914EA0067E4EE /* Alamofire.framework.dSYM */ = {isa = PBXFileReference; lastKnownFileType = wrapper.dsym; path = Alamofire.framework.dSYM; sourceTree = "<group>"; };
		B79F474A225914EA0067E4EE /* Nuke.framework */ = {isa = PBXFileReference; lastKnownFileType = wrapper.framework; path = Nuke.framework; sourceTree = "<group>"; };
		B79F474B225914EA0067E4EE /* A9BC87B3-778D-33D3-9D0C-F444A573EB92.bcsymbolmap */ = {isa = PBXFileReference; lastKnownFileType = text; path = "A9BC87B3-778D-33D3-9D0C-F444A573EB92.bcsymbolmap"; sourceTree = "<group>"; };
		B79F474C225914EA0067E4EE /* SwiftyUserDefaults.framework.dSYM */ = {isa = PBXFileReference; lastKnownFileType = wrapper.dsym; path = SwiftyUserDefaults.framework.dSYM; sourceTree = "<group>"; };
		B79F474D225914EA0067E4EE /* RxBlocking.framework */ = {isa = PBXFileReference; lastKnownFileType = wrapper.framework; path = RxBlocking.framework; sourceTree = "<group>"; };
		B79F474E225914EA0067E4EE /* E640AEED-C9FC-3871-B524-EA7FC5ADC087.bcsymbolmap */ = {isa = PBXFileReference; lastKnownFileType = text; path = "E640AEED-C9FC-3871-B524-EA7FC5ADC087.bcsymbolmap"; sourceTree = "<group>"; };
		B79F474F225914EA0067E4EE /* FEF42CD0-CF82-3316-9DEB-9382412B8059.bcsymbolmap */ = {isa = PBXFileReference; lastKnownFileType = text; path = "FEF42CD0-CF82-3316-9DEB-9382412B8059.bcsymbolmap"; sourceTree = "<group>"; };
		B79F4750225914EA0067E4EE /* FontAwesome.framework.dSYM */ = {isa = PBXFileReference; lastKnownFileType = wrapper.dsym; path = FontAwesome.framework.dSYM; sourceTree = "<group>"; };
		B79F4751225914EA0067E4EE /* .PKHUD.version */ = {isa = PBXFileReference; lastKnownFileType = text; path = .PKHUD.version; sourceTree = "<group>"; };
		B79F4753225914EA0067E4EE /* RxBlocking.framework.dSYM */ = {isa = PBXFileReference; lastKnownFileType = wrapper.dsym; path = RxBlocking.framework.dSYM; sourceTree = "<group>"; };
		B79F4754225914EA0067E4EE /* RxAtomic.framework.dSYM */ = {isa = PBXFileReference; lastKnownFileType = wrapper.dsym; path = RxAtomic.framework.dSYM; sourceTree = "<group>"; };
		B79F4755225914EA0067E4EE /* RxTest.framework */ = {isa = PBXFileReference; lastKnownFileType = wrapper.framework; path = RxTest.framework; sourceTree = "<group>"; };
		B79F4756225914EA0067E4EE /* RxCocoa.framework.dSYM */ = {isa = PBXFileReference; lastKnownFileType = wrapper.dsym; path = RxCocoa.framework.dSYM; sourceTree = "<group>"; };
		B79F4757225914EA0067E4EE /* RxSwift.framework.dSYM */ = {isa = PBXFileReference; lastKnownFileType = wrapper.dsym; path = RxSwift.framework.dSYM; sourceTree = "<group>"; };
		B79F4758225914EA0067E4EE /* RxAtomic.framework */ = {isa = PBXFileReference; lastKnownFileType = wrapper.framework; path = RxAtomic.framework; sourceTree = "<group>"; };
		B79F4759225914EA0067E4EE /* RxTest.framework.dSYM */ = {isa = PBXFileReference; lastKnownFileType = wrapper.dsym; path = RxTest.framework.dSYM; sourceTree = "<group>"; };
		B79F475A225914EA0067E4EE /* RxCocoa.framework */ = {isa = PBXFileReference; lastKnownFileType = wrapper.framework; path = RxCocoa.framework; sourceTree = "<group>"; };
		B79F475B225914EA0067E4EE /* RxSwift.framework */ = {isa = PBXFileReference; lastKnownFileType = wrapper.framework; path = RxSwift.framework; sourceTree = "<group>"; };
		B79F475C225914EA0067E4EE /* RxBlocking.framework */ = {isa = PBXFileReference; lastKnownFileType = wrapper.framework; path = RxBlocking.framework; sourceTree = "<group>"; };
		B79F475E225914EA0067E4EE /* 9397FF8E-63B9-3A90-A25A-BFCBBBF8403C.bcsymbolmap */ = {isa = PBXFileReference; lastKnownFileType = text; path = "9397FF8E-63B9-3A90-A25A-BFCBBBF8403C.bcsymbolmap"; sourceTree = "<group>"; };
		B79F475F225914EA0067E4EE /* 1067568C-2F8E-309C-A676-B36DECCDF34B.bcsymbolmap */ = {isa = PBXFileReference; lastKnownFileType = text; path = "1067568C-2F8E-309C-A676-B36DECCDF34B.bcsymbolmap"; sourceTree = "<group>"; };
		B79F4760225914EA0067E4EE /* RxBlocking.framework.dSYM */ = {isa = PBXFileReference; lastKnownFileType = wrapper.dsym; path = RxBlocking.framework.dSYM; sourceTree = "<group>"; };
		B79F4761225914EA0067E4EE /* RxAtomic.framework.dSYM */ = {isa = PBXFileReference; lastKnownFileType = wrapper.dsym; path = RxAtomic.framework.dSYM; sourceTree = "<group>"; };
		B79F4762225914EA0067E4EE /* RxTest.framework */ = {isa = PBXFileReference; lastKnownFileType = wrapper.framework; path = RxTest.framework; sourceTree = "<group>"; };
		B79F4763225914EA0067E4EE /* FontAwesome.framework */ = {isa = PBXFileReference; lastKnownFileType = wrapper.framework; path = FontAwesome.framework; sourceTree = "<group>"; };
		B79F4764225914EA0067E4EE /* RxCocoa.framework.dSYM */ = {isa = PBXFileReference; lastKnownFileType = wrapper.dsym; path = RxCocoa.framework.dSYM; sourceTree = "<group>"; };
		B79F4765225914EA0067E4EE /* RxSwift.framework.dSYM */ = {isa = PBXFileReference; lastKnownFileType = wrapper.dsym; path = RxSwift.framework.dSYM; sourceTree = "<group>"; };
		B79F4766225914EA0067E4EE /* E6CA7A53-4EE1-3A43-A102-381CEA6B1034.bcsymbolmap */ = {isa = PBXFileReference; lastKnownFileType = text; path = "E6CA7A53-4EE1-3A43-A102-381CEA6B1034.bcsymbolmap"; sourceTree = "<group>"; };
		B79F4767225914EA0067E4EE /* RxAtomic.framework */ = {isa = PBXFileReference; lastKnownFileType = wrapper.framework; path = RxAtomic.framework; sourceTree = "<group>"; };
		B79F4768225914EA0067E4EE /* RxTest.framework.dSYM */ = {isa = PBXFileReference; lastKnownFileType = wrapper.dsym; path = RxTest.framework.dSYM; sourceTree = "<group>"; };
		B79F4769225914EA0067E4EE /* F39B1F0C-00EA-3B52-931C-148A495D5820.bcsymbolmap */ = {isa = PBXFileReference; lastKnownFileType = text; path = "F39B1F0C-00EA-3B52-931C-148A495D5820.bcsymbolmap"; sourceTree = "<group>"; };
		B79F476A225914EA0067E4EE /* RxCocoa.framework */ = {isa = PBXFileReference; lastKnownFileType = wrapper.framework; path = RxCocoa.framework; sourceTree = "<group>"; };
		B79F476B225914EA0067E4EE /* 18988419-8A51-3B75-B26A-78E983F16CA9.bcsymbolmap */ = {isa = PBXFileReference; lastKnownFileType = text; path = "18988419-8A51-3B75-B26A-78E983F16CA9.bcsymbolmap"; sourceTree = "<group>"; };
		B79F476C225914EA0067E4EE /* RxSwift.framework */ = {isa = PBXFileReference; lastKnownFileType = wrapper.framework; path = RxSwift.framework; sourceTree = "<group>"; };
		B79F476D225914EA0067E4EE /* RxBlocking.framework */ = {isa = PBXFileReference; lastKnownFileType = wrapper.framework; path = RxBlocking.framework; sourceTree = "<group>"; };
		B79F476E225914EA0067E4EE /* FontAwesome.framework.dSYM */ = {isa = PBXFileReference; lastKnownFileType = wrapper.dsym; path = FontAwesome.framework.dSYM; sourceTree = "<group>"; };
		B79F476F225914EA0067E4EE /* .FontAwesome.swift.version */ = {isa = PBXFileReference; lastKnownFileType = text; path = .FontAwesome.swift.version; sourceTree = "<group>"; };
		B79F4770225914EA0067E4EE /* .Validator.version */ = {isa = PBXFileReference; lastKnownFileType = text; path = .Validator.version; sourceTree = "<group>"; };
		B79F4771225914EA0067E4EE /* .SwiftyUserDefaults.version */ = {isa = PBXFileReference; lastKnownFileType = text; path = .SwiftyUserDefaults.version; sourceTree = "<group>"; };
		B79F4772225914EA0067E4EE /* .SnapKit.version */ = {isa = PBXFileReference; lastKnownFileType = text; path = .SnapKit.version; sourceTree = "<group>"; };
		B79F4775225920970067E4EE /* Info.storyboard */ = {isa = PBXFileReference; lastKnownFileType = file.storyboard; path = Info.storyboard; sourceTree = "<group>"; };
		B79F47772259209D0067E4EE /* InfoViewController.swift */ = {isa = PBXFileReference; lastKnownFileType = sourcecode.swift; path = InfoViewController.swift; sourceTree = "<group>"; };
		B79F477922592AC90067E4EE /* Profile.storyboard */ = {isa = PBXFileReference; lastKnownFileType = file.storyboard; path = Profile.storyboard; sourceTree = "<group>"; };
		B79F477B22592AD90067E4EE /* ProfileViewController.swift */ = {isa = PBXFileReference; lastKnownFileType = sourcecode.swift; path = ProfileViewController.swift; sourceTree = "<group>"; };
		B79F477D225932500067E4EE /* IconImageView.swift */ = {isa = PBXFileReference; lastKnownFileType = sourcecode.swift; path = IconImageView.swift; sourceTree = "<group>"; };
		B7C89D0522593A8100B417F1 /* History.storyboard */ = {isa = PBXFileReference; lastKnownFileType = file.storyboard; path = History.storyboard; sourceTree = "<group>"; };
		B7C89D0722593AD200B417F1 /* HistoryViewController.swift */ = {isa = PBXFileReference; lastKnownFileType = sourcecode.swift; path = HistoryViewController.swift; sourceTree = "<group>"; };
		B7C89D0922593AE500B417F1 /* HistoryTableViewCell.swift */ = {isa = PBXFileReference; lastKnownFileType = sourcecode.swift; path = HistoryTableViewCell.swift; sourceTree = "<group>"; };
		B7C89D0B22593AF900B417F1 /* HistoryTableViewCell.xib */ = {isa = PBXFileReference; lastKnownFileType = file.xib; path = HistoryTableViewCell.xib; sourceTree = "<group>"; };
		B7CE3A58224749E500AD427D /* GoogleService-Info.plist */ = {isa = PBXFileReference; fileEncoding = 4; lastKnownFileType = text.plist.xml; path = "GoogleService-Info.plist"; sourceTree = "<group>"; };
		B7CE3A5B22476B9A00AD427D /* APIClient.swift */ = {isa = PBXFileReference; lastKnownFileType = sourcecode.swift; path = APIClient.swift; sourceTree = "<group>"; };
		B7CE3A5D22476C0400AD427D /* APIResult.swift */ = {isa = PBXFileReference; lastKnownFileType = sourcecode.swift; path = APIResult.swift; sourceTree = "<group>"; };
		B7CE3A6122476C2B00AD427D /* APIRequest.swift */ = {isa = PBXFileReference; lastKnownFileType = sourcecode.swift; path = APIRequest.swift; sourceTree = "<group>"; };
		B7CE3A6322476C4B00AD427D /* ErrorModel.swift */ = {isa = PBXFileReference; lastKnownFileType = sourcecode.swift; path = ErrorModel.swift; sourceTree = "<group>"; };
		B7CE3A6722476C9E00AD427D /* AuthAPI.swift */ = {isa = PBXFileReference; lastKnownFileType = sourcecode.swift; path = AuthAPI.swift; sourceTree = "<group>"; };
		BFD0498AD85487166620D098 /* Pods-ARCardUITests.release.xcconfig */ = {isa = PBXFileReference; includeInIndex = 1; lastKnownFileType = text.xcconfig; name = "Pods-ARCardUITests.release.xcconfig"; path = "Target Support Files/Pods-ARCardUITests/Pods-ARCardUITests.release.xcconfig"; sourceTree = "<group>"; };
		C59B9AD85F3B454050EEA88F /* Pods_ARCardUITests.framework */ = {isa = PBXFileReference; explicitFileType = wrapper.framework; includeInIndex = 0; path = Pods_ARCardUITests.framework; sourceTree = BUILT_PRODUCTS_DIR; };
		C5C5D2180AC95B6DB9755C28 /* Pods-ARCardTests.release.xcconfig */ = {isa = PBXFileReference; includeInIndex = 1; lastKnownFileType = text.xcconfig; name = "Pods-ARCardTests.release.xcconfig"; path = "Target Support Files/Pods-ARCardTests/Pods-ARCardTests.release.xcconfig"; sourceTree = "<group>"; };
		D4DCBFAA0161D573D5EBC66E /* Pods-ARCard.debug.xcconfig */ = {isa = PBXFileReference; includeInIndex = 1; lastKnownFileType = text.xcconfig; name = "Pods-ARCard.debug.xcconfig"; path = "Target Support Files/Pods-ARCard/Pods-ARCard.debug.xcconfig"; sourceTree = "<group>"; };
		ED4A20B1260DE092CC6338F3 /* Pods-ARCard.release.xcconfig */ = {isa = PBXFileReference; includeInIndex = 1; lastKnownFileType = text.xcconfig; name = "Pods-ARCard.release.xcconfig"; path = "Target Support Files/Pods-ARCard/Pods-ARCard.release.xcconfig"; sourceTree = "<group>"; };
		FC6C48E7E64FA0DAC06D7B53 /* Pods_ARCardTests.framework */ = {isa = PBXFileReference; explicitFileType = wrapper.framework; includeInIndex = 0; path = Pods_ARCardTests.framework; sourceTree = BUILT_PRODUCTS_DIR; };
/* End PBXFileReference section */

/* Begin PBXFrameworksBuildPhase section */
		B76F903C2243C4710064A4D5 /* Frameworks */ = {
			isa = PBXFrameworksBuildPhase;
			buildActionMask = 2147483647;
			files = (
				B79F4773225914F60067E4EE /* NSObject_Rx.framework in Frameworks */,
				B76F907C2243C7920064A4D5 /* Device.framework in Frameworks */,
				B76F907D2243C7920064A4D5 /* PKHUD.framework in Frameworks */,
				B76F907E2243C7920064A4D5 /* SnapKit.framework in Frameworks */,
				B76F907F2243C7920064A4D5 /* SwiftyUserDefaults.framework in Frameworks */,
				B76F90802243C7920064A4D5 /* Validator.framework in Frameworks */,
				B76F90812243C7920064A4D5 /* KeychainAccess.framework in Frameworks */,
				B76F90822243C7920064A4D5 /* ActiveLabel.framework in Frameworks */,
				B76F90832243C7920064A4D5 /* Alamofire.framework in Frameworks */,
				B76F90842243C7920064A4D5 /* RxCocoa.framework in Frameworks */,
				B76F90852243C7920064A4D5 /* RxSwift.framework in Frameworks */,
				B76F90862243C7920064A4D5 /* FontAwesome.framework in Frameworks */,
				B76F90872243C7920064A4D5 /* Nuke.framework in Frameworks */,
				7C5C1D28047A031159EC81F5 /* Pods_ARCard.framework in Frameworks */,
			);
			runOnlyForDeploymentPostprocessing = 0;
		};
		B76F90502243C4730064A4D5 /* Frameworks */ = {
			isa = PBXFrameworksBuildPhase;
			buildActionMask = 2147483647;
			files = (
				DE071C12F39343ABEDC67A2E /* Pods_ARCardTests.framework in Frameworks */,
			);
			runOnlyForDeploymentPostprocessing = 0;
		};
		B76F905B2243C4730064A4D5 /* Frameworks */ = {
			isa = PBXFrameworksBuildPhase;
			buildActionMask = 2147483647;
			files = (
				2925A0CC08F0D7B69640A41C /* Pods_ARCardUITests.framework in Frameworks */,
			);
			runOnlyForDeploymentPostprocessing = 0;
		};
/* End PBXFrameworksBuildPhase section */

/* Begin PBXGroup section */
		A08D708B47628FEF8FBCCC50 /* Frameworks */ = {
			isa = PBXGroup;
			children = (
				B79F46E5225914EA0067E4EE /* Build */,
				B76F90762243C7920064A4D5 /* ActiveLabel.framework */,
				B76F90772243C7920064A4D5 /* Alamofire.framework */,
				B76F90702243C7910064A4D5 /* Device.framework */,
				B76F907A2243C7920064A4D5 /* FontAwesome.framework */,
				B76F90752243C7920064A4D5 /* KeychainAccess.framework */,
				B76F907B2243C7920064A4D5 /* Nuke.framework */,
				B76F90712243C7910064A4D5 /* PKHUD.framework */,
				B76F90782243C7920064A4D5 /* RxCocoa.framework */,
				B76F90792243C7920064A4D5 /* RxSwift.framework */,
				B76F90722243C7910064A4D5 /* SnapKit.framework */,
				B76F90732243C7910064A4D5 /* SwiftyUserDefaults.framework */,
				B76F90742243C7910064A4D5 /* Validator.framework */,
				8DC09F28BDA6B9A354F9AB33 /* Pods_ARCard.framework */,
				FC6C48E7E64FA0DAC06D7B53 /* Pods_ARCardTests.framework */,
				C59B9AD85F3B454050EEA88F /* Pods_ARCardUITests.framework */,
			);
			name = Frameworks;
			sourceTree = "<group>";
		};
		B76F90362243C4710064A4D5 = {
			isa = PBXGroup;
			children = (
				B76F90412243C4710064A4D5 /* ARCard */,
				B76F90562243C4730064A4D5 /* ARCardTests */,
				B76F90612243C4730064A4D5 /* ARCardUITests */,
				A08D708B47628FEF8FBCCC50 /* Frameworks */,
				D0F448F401AB0026C718AEC8 /* Pods */,
				B76F90402243C4710064A4D5 /* Products */,
			);
			sourceTree = "<group>";
		};
		B76F90402243C4710064A4D5 /* Products */ = {
			isa = PBXGroup;
			children = (
				B76F903F2243C4710064A4D5 /* ARCard.app */,
				B76F90532243C4730064A4D5 /* ARCardTests.xctest */,
				B76F905E2243C4730064A4D5 /* ARCardUITests.xctest */,
			);
			name = Products;
			sourceTree = "<group>";
		};
		B76F90412243C4710064A4D5 /* ARCard */ = {
			isa = PBXGroup;
			children = (
				B7CE3A5A22476B8800AD427D /* API */,
				B76F908E2243C9610064A4D5 /* App */,
				B76F90B22244AACE0064A4D5 /* Common */,
				B76F909B2243DA4D0064A4D5 /* Extension */,
				B76F908D2243C9370064A4D5 /* Resources */,
				B76F908F2243CA080064A4D5 /* View */,
				B7CE3A58224749E500AD427D /* GoogleService-Info.plist */,
				B76F904E2243C4730064A4D5 /* Info.plist */,
				B76F904B2243C4730064A4D5 /* LaunchScreen.storyboard */,
				B76F908B2243C8C60064A4D5 /* Settings.bundle */,
			);
			path = ARCard;
			sourceTree = "<group>";
		};
		B76F90562243C4730064A4D5 /* ARCardTests */ = {
			isa = PBXGroup;
			children = (
				B76F90572243C4730064A4D5 /* ARCardTests.swift */,
				B76F90592243C4730064A4D5 /* Info.plist */,
			);
			path = ARCardTests;
			sourceTree = "<group>";
		};
		B76F90612243C4730064A4D5 /* ARCardUITests */ = {
			isa = PBXGroup;
			children = (
				B76F90622243C4730064A4D5 /* ARCardUITests.swift */,
				B76F90642243C4730064A4D5 /* Info.plist */,
			);
			path = ARCardUITests;
			sourceTree = "<group>";
		};
		B76F908D2243C9370064A4D5 /* Resources */ = {
			isa = PBXGroup;
			children = (
				B76F90492243C4730064A4D5 /* Assets.xcassets */,
				B79F46D822590B150067E4EE /* Color.xcassets */,
			);
			path = Resources;
			sourceTree = "<group>";
		};
		B76F908E2243C9610064A4D5 /* App */ = {
			isa = PBXGroup;
			children = (
				B76F90422243C4710064A4D5 /* AppDelegate.swift */,
			);
			path = App;
			sourceTree = "<group>";
		};
		B76F908F2243CA080064A4D5 /* View */ = {
			isa = PBXGroup;
			children = (
				B76F90A522449FC80064A4D5 /* AR */,
				B76F90B52244AE860064A4D5 /* Account */,
				B76F90CA2244CA330064A4D5 /* Debug */,
				B76F90902243CA0F0064A4D5 /* Regist */,
				B76F90CF2244CD470064A4D5 /* Storyboard.swift */,
			);
			path = View;
			sourceTree = "<group>";
		};
		B76F90902243CA0F0064A4D5 /* Regist */ = {
			isa = PBXGroup;
			children = (
				B76F90992243D42B0064A4D5 /* Regist.storyboard */,
				B76F90A02243F5B30064A4D5 /* RegistModel.swift */,
				B76F90912243CA310064A4D5 /* RegistViewController.swift */,
				B76F90A22243F5BC0064A4D5 /* RegistViewModel.swift */,
			);
			path = Regist;
			sourceTree = "<group>";
		};
		B76F909B2243DA4D0064A4D5 /* Extension */ = {
			isa = PBXGroup;
			children = (
				B76F909C2243DA610064A4D5 /* Notification+ARCard.swift */,
				B76F90C02244B29C0064A4D5 /* UIImageView+ARCard.swift */,
				B76F909E2243ED930064A4D5 /* UIScrollView+ARCard.swift */,
				B76F90BE2244B1FD0064A4D5 /* UIView+ARCard.swift */,
				B76F90C82244CA090064A4D5 /* UIViewController+ARCard.swift */,
				B76F90D12244D11C0064A4D5 /* URL+ARCard.swift */,
			);
			path = Extension;
			sourceTree = "<group>";
		};
		B76F90A522449FC80064A4D5 /* AR */ = {
			isa = PBXGroup;
			children = (
				B79F46DB22590CCD0067E4EE /* ARMenuButton */,
				B79F46DA22590CC60067E4EE /* Base */,
				B79F46E022590D850067E4EE /* Menu */,
			);
			path = AR;
			sourceTree = "<group>";
		};
		B76F90AD2244A3CE0064A4D5 /* Setting */ = {
			isa = PBXGroup;
			children = (
				B79F47742259208F0067E4EE /* Info */,
				B76F90AB2244A14C0064A4D5 /* Setting.storyboard */,
				B76F90B02244A4D70064A4D5 /* SettingTableViewController.swift */,
			);
			path = Setting;
			sourceTree = "<group>";
		};
		B76F90B22244AACE0064A4D5 /* Common */ = {
			isa = PBXGroup;
			children = (
				B76F90B32244AADD0064A4D5 /* AlertHandler.swift */,
				B79F477D225932500067E4EE /* IconImageView.swift */,
			);
			path = Common;
			sourceTree = "<group>";
		};
		B76F90B52244AE860064A4D5 /* Account */ = {
			isa = PBXGroup;
			children = (
				B7C89D0422593A7A00B417F1 /* History */,
				B76F90C32244C1290064A4D5 /* Profile */,
				B76F90B82244AEBD0064A4D5 /* ProfileEdit */,
				B76F90AD2244A3CE0064A4D5 /* Setting */,
			);
			path = Account;
			sourceTree = "<group>";
		};
		B76F90B82244AEBD0064A4D5 /* ProfileEdit */ = {
			isa = PBXGroup;
			children = (
				B76F90BC2244AFAF0064A4D5 /* ProfileEdit.storyboard */,
				B76F90B92244AF830064A4D5 /* ProfileEditViewController.swift */,
			);
			path = ProfileEdit;
			sourceTree = "<group>";
		};
		B76F90C32244C1290064A4D5 /* Profile */ = {
			isa = PBXGroup;
			children = (
				B79F477922592AC90067E4EE /* Profile.storyboard */,
				B79F477B22592AD90067E4EE /* ProfileViewController.swift */,
			);
			path = Profile;
			sourceTree = "<group>";
		};
		B76F90CA2244CA330064A4D5 /* Debug */ = {
			isa = PBXGroup;
			children = (
				B76F90CB2244CA4A0064A4D5 /* Debug.storyboard */,
				B76F90CD2244CC560064A4D5 /* DebugViewController.swift */,
			);
			path = Debug;
			sourceTree = "<group>";
		};
		B79F46DA22590CC60067E4EE /* Base */ = {
			isa = PBXGroup;
			children = (
				B76F90A622449FD00064A4D5 /* AR.storyboard */,
				B76F90A82244A0010064A4D5 /* ARViewController.swift */,
			);
			path = Base;
			sourceTree = "<group>";
		};
		B79F46DB22590CCD0067E4EE /* ARMenuButton */ = {
			isa = PBXGroup;
			children = (
				B79F46DC22590CD70067E4EE /* MenuButton.storyboard */,
				B79F46DE22590CE40067E4EE /* MenuButtonViewController.swift */,
			);
			path = ARMenuButton;
			sourceTree = "<group>";
		};
		B79F46E022590D850067E4EE /* Menu */ = {
			isa = PBXGroup;
			children = (
				B79F46E322590DA90067E4EE /* Menu.storyboard */,
				B79F46E122590D940067E4EE /* MenuViewController.swift */,
			);
			path = Menu;
			sourceTree = "<group>";
		};
		B79F46E5225914EA0067E4EE /* Build */ = {
			isa = PBXGroup;
			children = (
				B79F46E6225914EA0067E4EE /* .NSObject-Rx.version */,
				B79F46E7225914EA0067E4EE /* .KeychainAccess.version */,
				B79F46E8225914EA0067E4EE /* .Device.version */,
				B79F46E9225914EA0067E4EE /* .Alamofire.version */,
				B79F46EA225914EA0067E4EE /* watchOS */,
				B79F4701225914EA0067E4EE /* .RxSwift.version */,
				B79F4702225914EA0067E4EE /* .ActiveLabel.swift.version */,
				B79F4703225914EA0067E4EE /* .Nuke.version */,
				B79F4704225914EA0067E4EE /* iOS */,
				B79F4751225914EA0067E4EE /* .PKHUD.version */,
				B79F4752225914EA0067E4EE /* Mac */,
				B79F475D225914EA0067E4EE /* tvOS */,
				B79F476F225914EA0067E4EE /* .FontAwesome.swift.version */,
				B79F4770225914EA0067E4EE /* .Validator.version */,
				B79F4771225914EA0067E4EE /* .SwiftyUserDefaults.version */,
				B79F4772225914EA0067E4EE /* .SnapKit.version */,
			);
			name = Build;
			path = Carthage/Build;
			sourceTree = "<group>";
		};
		B79F46EA225914EA0067E4EE /* watchOS */ = {
			isa = PBXGroup;
			children = (
				B79F46EB225914EA0067E4EE /* 1B5E84E9-F74C-3C00-BCCD-8B010FE1CEF0.bcsymbolmap */,
				B79F46EC225914EA0067E4EE /* 8BA18AEE-69F4-37D7-9826-786A815A07DD.bcsymbolmap */,
				B79F46ED225914EA0067E4EE /* RxBlocking.framework.dSYM */,
				B79F46EE225914EA0067E4EE /* RxAtomic.framework.dSYM */,
				B79F46EF225914EA0067E4EE /* FontAwesome.framework */,
				B79F46F0225914EA0067E4EE /* 115248CA-BC52-3A0A-B3AB-053E51ED0013.bcsymbolmap */,
				B79F46F1225914EA0067E4EE /* RxCocoa.framework.dSYM */,
				B79F46F2225914EA0067E4EE /* C781FFA2-D555-397D-A22E-5265DB6D3164.bcsymbolmap */,
				B79F46F3225914EA0067E4EE /* 47664D76-7B7F-39F9-A857-1A5C1E7F0B67.bcsymbolmap */,
				B79F46F4225914EA0067E4EE /* RxSwift.framework.dSYM */,
				B79F46F5225914EA0067E4EE /* RxAtomic.framework */,
				B79F46F6225914EA0067E4EE /* 580AA8E0-E59F-3608-A369-77D7B7F31E01.bcsymbolmap */,
				B79F46F7225914EA0067E4EE /* 4C68D3A0-A809-3D37-8AF0-4D7DCF426727.bcsymbolmap */,
				B79F46F8225914EA0067E4EE /* E4A88D93-98B2-3A8B-AFB5-E7255DA1CA59.bcsymbolmap */,
				B79F46F9225914EA0067E4EE /* B6206203-6191-36D9-B193-920D5E5F0539.bcsymbolmap */,
				B79F46FA225914EA0067E4EE /* RxCocoa.framework */,
				B79F46FB225914EA0067E4EE /* 04ABBC72-62D4-385D-9321-D809B3FDF877.bcsymbolmap */,
				B79F46FC225914EA0067E4EE /* RxSwift.framework */,
				B79F46FD225914EA0067E4EE /* 6C5257BF-0661-33BF-B262-91104E126784.bcsymbolmap */,
				B79F46FE225914EA0067E4EE /* RxBlocking.framework */,
				B79F46FF225914EA0067E4EE /* 68FB2B47-77CB-3D5E-A68E-C68A24C1AA30.bcsymbolmap */,
				B79F4700225914EA0067E4EE /* FontAwesome.framework.dSYM */,
			);
			path = watchOS;
			sourceTree = "<group>";
		};
		B79F4704225914EA0067E4EE /* iOS */ = {
			isa = PBXGroup;
			children = (
				B79F4705225914EA0067E4EE /* NSObject_Rx.framework.dSYM */,
				B79F4706225914EA0067E4EE /* Validator.framework.dSYM */,
				B79F4707225914EA0067E4EE /* CED74B5E-77C9-34D6-B9F7-7264B32634FC.bcsymbolmap */,
				B79F4708225914EA0067E4EE /* 032FA2F3-E03D-30CF-B319-B0DC92D92F5F.bcsymbolmap */,
				B79F4709225914EA0067E4EE /* F9F3962D-52A0-3DC2-8419-F7DB25E8FAC8.bcsymbolmap */,
				B79F470A225914EA0067E4EE /* 89E65B6D-98E1-31F3-84B6-F552BD85D809.bcsymbolmap */,
				B79F470B225914EA0067E4EE /* ActiveLabel.framework */,
				B79F470C225914EA0067E4EE /* KeychainAccess.framework */,
				B79F470D225914EA0067E4EE /* 55F8848F-1ACA-3142-8F4E-5648BB71FEB3.bcsymbolmap */,
				B79F470E225914EA0067E4EE /* RxBlocking.framework.dSYM */,
				B79F470F225914EA0067E4EE /* 3918894E-69A0-343D-8B10-86A65F33BC5E.bcsymbolmap */,
				B79F4710225914EA0067E4EE /* D17A0050-8D53-3577-A7B3-4B27219F6D89.bcsymbolmap */,
				B79F4711225914EA0067E4EE /* 99CAFF91-EB82-345C-90BA-8AB06E75327F.bcsymbolmap */,
				B79F4712225914EA0067E4EE /* KeychainAccess.framework.dSYM */,
				B79F4713225914EA0067E4EE /* F158A6D0-3C04-3727-BCB7-DE278733EF89.bcsymbolmap */,
				B79F4714225914EA0067E4EE /* 043E3BFC-B7C0-316C-A0FA-01F70B8477A1.bcsymbolmap */,
				B79F4715225914EA0067E4EE /* Nuke.framework.dSYM */,
				B79F4716225914EA0067E4EE /* 2DF699FA-58A1-3DF5-8041-B01A0FE7C3C1.bcsymbolmap */,
				B79F4717225914EA0067E4EE /* Validator.framework */,
				B79F4718225914EA0067E4EE /* SnapKit.framework.dSYM */,
				B79F4719225914EA0067E4EE /* BF5F889A-8173-35E9-9770-D70A70B6ABA7.bcsymbolmap */,
				B79F471A225914EA0067E4EE /* 7A05062B-6283-3505-B8A6-7D9217EB9D1A.bcsymbolmap */,
				B79F471B225914EA0067E4EE /* D616C2E6-6690-32D2-952B-4CBD323CBDB6.bcsymbolmap */,
				B79F471C225914EA0067E4EE /* 363BE65C-1913-3B26-AB67-9748F9E1841D.bcsymbolmap */,
				B79F471D225914EA0067E4EE /* E0774270-5CE2-3B0F-B936-D3A0AA635EF4.bcsymbolmap */,
				B79F471E225914EA0067E4EE /* RxAtomic.framework.dSYM */,
				B79F471F225914EA0067E4EE /* RxTest.framework */,
				B79F4720225914EA0067E4EE /* PKHUD.framework.dSYM */,
				B79F4721225914EA0067E4EE /* FontAwesome.framework */,
				B79F4722225914EA0067E4EE /* C5D36121-EB2A-36AF-B06A-2D9E060FE78F.bcsymbolmap */,
				B79F4723225914EA0067E4EE /* 12A69181-6D7A-3894-BE5D-1F55D38F25DA.bcsymbolmap */,
				B79F4724225914EA0067E4EE /* 5C5AEB7E-1C46-3A9A-B614-3E846188E7CA.bcsymbolmap */,
				B79F4725225914EA0067E4EE /* 4E3D788B-F415-3CEC-84C6-131A6D4A33A8.bcsymbolmap */,
				B79F4726225914EA0067E4EE /* RxCocoa.framework.dSYM */,
				B79F4727225914EA0067E4EE /* 157EF01E-05F5-3AD4-B40E-AC20A60E1967.bcsymbolmap */,
				B79F4728225914EA0067E4EE /* 8727CF6E-503E-3CFC-BD6D-90891A8A7082.bcsymbolmap */,
				B79F4729225914EA0067E4EE /* BDFC9843-0197-35F2-B10C-08AEC0DBC313.bcsymbolmap */,
				B79F472A225914EA0067E4EE /* 235C1B1B-EB3A-31AB-8C60-5DDACE051DD5.bcsymbolmap */,
				B79F472B225914EA0067E4EE /* RxSwift.framework.dSYM */,
				B79F472C225914EA0067E4EE /* 7AC6F44C-A1A8-3323-826A-C9868F7B2EC2.bcsymbolmap */,
				B79F472D225914EA0067E4EE /* 1E62B5F1-D2DB-3DD0-9C8C-BF33B46D6E9A.bcsymbolmap */,
				B79F472E225914EA0067E4EE /* 5C7DDBBE-FBCA-3775-B4FC-4592DC7E3392.bcsymbolmap */,
				B79F472F225914EA0067E4EE /* RxAtomic.framework */,
				B79F4730225914EA0067E4EE /* 2BD5EFBA-E239-3E79-B00C-1C4DBFEA7510.bcsymbolmap */,
				B79F4731225914EA0067E4EE /* 5E74B4D7-A806-3741-9484-FD06A761BEDF.bcsymbolmap */,
				B79F4732225914EA0067E4EE /* A551810E-DDD7-310F-97C9-1091ECE86E10.bcsymbolmap */,
				B79F4733225914EA0067E4EE /* RxTest.framework.dSYM */,
				B79F4734225914EA0067E4EE /* SnapKit.framework */,
				B79F4735225914EA0067E4EE /* Alamofire.framework */,
				B79F4736225914EA0067E4EE /* D780457F-DFD1-3FAF-9901-8C818FA716F1.bcsymbolmap */,
				B79F4737225914EA0067E4EE /* SwiftyUserDefaults.framework */,
				B79F4738225914EA0067E4EE /* C6CC94DB-045E-3828-8C63-E4610B9C74AD.bcsymbolmap */,
				B79F4739225914EA0067E4EE /* ActiveLabel.framework.dSYM */,
				B79F473A225914EA0067E4EE /* 84483FA4-D5F4-36EC-99A9-23CFCC6FE3FC.bcsymbolmap */,
				B79F473B225914EA0067E4EE /* Device.framework.dSYM */,
				B79F473C225914EA0067E4EE /* D04BD097-5BD2-3E70-82F4-C4062B8E7097.bcsymbolmap */,
				B79F473D225914EA0067E4EE /* 99D146E0-BC8C-3E76-83AE-3EF5F9DE6EE2.bcsymbolmap */,
				B79F473E225914EA0067E4EE /* NSObject_Rx.framework */,
				B79F473F225914EA0067E4EE /* 0B781AB5-9113-3BF9-9B0C-16C53797AF11.bcsymbolmap */,
				B79F4740225914EA0067E4EE /* 94AF1241-E62E-3AF5-86A9-48B8E9250942.bcsymbolmap */,
				B79F4741225914EA0067E4EE /* A3EB3BBB-E69F-3292-BBDD-546E5B3F2816.bcsymbolmap */,
				B79F4742225914EA0067E4EE /* Device.framework */,
				B79F4743225914EA0067E4EE /* PKHUD.framework */,
				B79F4744225914EA0067E4EE /* RxCocoa.framework */,
				B79F4745225914EA0067E4EE /* A75F7F38-709D-3844-9475-3F602C6CF09D.bcsymbolmap */,
				B79F4746225914EA0067E4EE /* 67EF0932-B99B-3563-BE6A-A7CE1B0413E3.bcsymbolmap */,
				B79F4747225914EA0067E4EE /* RxSwift.framework */,
				B79F4748225914EA0067E4EE /* 0CDFB614-158F-367A-8DA1-0CE4156895B7.bcsymbolmap */,
				B79F4749225914EA0067E4EE /* Alamofire.framework.dSYM */,
				B79F474A225914EA0067E4EE /* Nuke.framework */,
				B79F474B225914EA0067E4EE /* A9BC87B3-778D-33D3-9D0C-F444A573EB92.bcsymbolmap */,
				B79F474C225914EA0067E4EE /* SwiftyUserDefaults.framework.dSYM */,
				B79F474D225914EA0067E4EE /* RxBlocking.framework */,
				B79F474E225914EA0067E4EE /* E640AEED-C9FC-3871-B524-EA7FC5ADC087.bcsymbolmap */,
				B79F474F225914EA0067E4EE /* FEF42CD0-CF82-3316-9DEB-9382412B8059.bcsymbolmap */,
				B79F4750225914EA0067E4EE /* FontAwesome.framework.dSYM */,
			);
			path = iOS;
			sourceTree = "<group>";
		};
		B79F4752225914EA0067E4EE /* Mac */ = {
			isa = PBXGroup;
			children = (
				B79F4753225914EA0067E4EE /* RxBlocking.framework.dSYM */,
				B79F4754225914EA0067E4EE /* RxAtomic.framework.dSYM */,
				B79F4755225914EA0067E4EE /* RxTest.framework */,
				B79F4756225914EA0067E4EE /* RxCocoa.framework.dSYM */,
				B79F4757225914EA0067E4EE /* RxSwift.framework.dSYM */,
				B79F4758225914EA0067E4EE /* RxAtomic.framework */,
				B79F4759225914EA0067E4EE /* RxTest.framework.dSYM */,
				B79F475A225914EA0067E4EE /* RxCocoa.framework */,
				B79F475B225914EA0067E4EE /* RxSwift.framework */,
				B79F475C225914EA0067E4EE /* RxBlocking.framework */,
			);
			path = Mac;
			sourceTree = "<group>";
		};
		B79F475D225914EA0067E4EE /* tvOS */ = {
			isa = PBXGroup;
			children = (
				B79F475E225914EA0067E4EE /* 9397FF8E-63B9-3A90-A25A-BFCBBBF8403C.bcsymbolmap */,
				B79F475F225914EA0067E4EE /* 1067568C-2F8E-309C-A676-B36DECCDF34B.bcsymbolmap */,
				B79F4760225914EA0067E4EE /* RxBlocking.framework.dSYM */,
				B79F4761225914EA0067E4EE /* RxAtomic.framework.dSYM */,
				B79F4762225914EA0067E4EE /* RxTest.framework */,
				B79F4763225914EA0067E4EE /* FontAwesome.framework */,
				B79F4764225914EA0067E4EE /* RxCocoa.framework.dSYM */,
				B79F4765225914EA0067E4EE /* RxSwift.framework.dSYM */,
				B79F4766225914EA0067E4EE /* E6CA7A53-4EE1-3A43-A102-381CEA6B1034.bcsymbolmap */,
				B79F4767225914EA0067E4EE /* RxAtomic.framework */,
				B79F4768225914EA0067E4EE /* RxTest.framework.dSYM */,
				B79F4769225914EA0067E4EE /* F39B1F0C-00EA-3B52-931C-148A495D5820.bcsymbolmap */,
				B79F476A225914EA0067E4EE /* RxCocoa.framework */,
				B79F476B225914EA0067E4EE /* 18988419-8A51-3B75-B26A-78E983F16CA9.bcsymbolmap */,
				B79F476C225914EA0067E4EE /* RxSwift.framework */,
				B79F476D225914EA0067E4EE /* RxBlocking.framework */,
				B79F476E225914EA0067E4EE /* FontAwesome.framework.dSYM */,
			);
			path = tvOS;
			sourceTree = "<group>";
		};
		B79F47742259208F0067E4EE /* Info */ = {
			isa = PBXGroup;
			children = (
				B79F4775225920970067E4EE /* Info.storyboard */,
				B79F47772259209D0067E4EE /* InfoViewController.swift */,
			);
			path = Info;
			sourceTree = "<group>";
		};
		B7C89D0422593A7A00B417F1 /* History */ = {
			isa = PBXGroup;
			children = (
				B7C89D0522593A8100B417F1 /* History.storyboard */,
				B7C89D0922593AE500B417F1 /* HistoryTableViewCell.swift */,
				B7C89D0B22593AF900B417F1 /* HistoryTableViewCell.xib */,
				B7C89D0722593AD200B417F1 /* HistoryViewController.swift */,
			);
			name = History;
			path = History;
			sourceTree = "<group>";
		};
		B7CE3A5A22476B8800AD427D /* API */ = {
			isa = PBXGroup;
			children = (
				B7CE3A6522476C9100AD427D /* Firebase */,
				B7CE3A5F22476C1400AD427D /* Model */,
				B7CE3A6022476C1A00AD427D /* Request */,
				B7CE3A5B22476B9A00AD427D /* APIClient.swift */,
				B7CE3A5D22476C0400AD427D /* APIResult.swift */,
			);
			path = API;
			sourceTree = "<group>";
		};
		B7CE3A5F22476C1400AD427D /* Model */ = {
			isa = PBXGroup;
			children = (
				B7CE3A6322476C4B00AD427D /* ErrorModel.swift */,
			);
			path = Model;
			sourceTree = "<group>";
		};
		B7CE3A6022476C1A00AD427D /* Request */ = {
			isa = PBXGroup;
			children = (
				B7CE3A6122476C2B00AD427D /* APIRequest.swift */,
			);
			path = Request;
			sourceTree = "<group>";
		};
		B7CE3A6522476C9100AD427D /* Firebase */ = {
			isa = PBXGroup;
			children = (
				B7CE3A6722476C9E00AD427D /* AuthAPI.swift */,
			);
			path = Firebase;
			sourceTree = "<group>";
		};
		D0F448F401AB0026C718AEC8 /* Pods */ = {
			isa = PBXGroup;
			children = (
				D4DCBFAA0161D573D5EBC66E /* Pods-ARCard.debug.xcconfig */,
				ED4A20B1260DE092CC6338F3 /* Pods-ARCard.release.xcconfig */,
				38F52266EE3F6874D8739C53 /* Pods-ARCardTests.debug.xcconfig */,
				C5C5D2180AC95B6DB9755C28 /* Pods-ARCardTests.release.xcconfig */,
				7B486A6A3375E79EBA356F10 /* Pods-ARCardUITests.debug.xcconfig */,
				BFD0498AD85487166620D098 /* Pods-ARCardUITests.release.xcconfig */,
			);
			path = Pods;
			sourceTree = "<group>";
		};
/* End PBXGroup section */

/* Begin PBXNativeTarget section */
		B76F903E2243C4710064A4D5 /* ARCard */ = {
			isa = PBXNativeTarget;
			buildConfigurationList = B76F90672243C4730064A4D5 /* Build configuration list for PBXNativeTarget "ARCard" */;
			buildPhases = (
				EC6F62F0D43616F979453C56 /* [CP] Check Pods Manifest.lock */,
				B76F903B2243C4710064A4D5 /* Sources */,
				B76F903C2243C4710064A4D5 /* Frameworks */,
				B76F903D2243C4710064A4D5 /* Resources */,
				B76F90882243C7990064A4D5 /* Carthage */,
				B76F90892243C8830064A4D5 /* SwiftLint */,
				B76F908A2243C8940064A4D5 /* LicensePlist */,
				2AEBCE78B826CEAD8DFAC6D4 /* [CP] Embed Pods Frameworks */,
			);
			buildRules = (
			);
			dependencies = (
			);
			name = ARCard;
			productName = ARCard;
			productReference = B76F903F2243C4710064A4D5 /* ARCard.app */;
			productType = "com.apple.product-type.application";
		};
		B76F90522243C4730064A4D5 /* ARCardTests */ = {
			isa = PBXNativeTarget;
			buildConfigurationList = B76F906A2243C4730064A4D5 /* Build configuration list for PBXNativeTarget "ARCardTests" */;
			buildPhases = (
				0BF40522F4EB4F046468192B /* [CP] Check Pods Manifest.lock */,
				B76F904F2243C4730064A4D5 /* Sources */,
				B76F90502243C4730064A4D5 /* Frameworks */,
				B76F90512243C4730064A4D5 /* Resources */,
			);
			buildRules = (
			);
			dependencies = (
				B76F90552243C4730064A4D5 /* PBXTargetDependency */,
			);
			name = ARCardTests;
			productName = ARCardTests;
			productReference = B76F90532243C4730064A4D5 /* ARCardTests.xctest */;
			productType = "com.apple.product-type.bundle.unit-test";
		};
		B76F905D2243C4730064A4D5 /* ARCardUITests */ = {
			isa = PBXNativeTarget;
			buildConfigurationList = B76F906D2243C4730064A4D5 /* Build configuration list for PBXNativeTarget "ARCardUITests" */;
			buildPhases = (
				B5F8A1208273745F836C3649 /* [CP] Check Pods Manifest.lock */,
				B76F905A2243C4730064A4D5 /* Sources */,
				B76F905B2243C4730064A4D5 /* Frameworks */,
				B76F905C2243C4730064A4D5 /* Resources */,
			);
			buildRules = (
			);
			dependencies = (
				B76F90602243C4730064A4D5 /* PBXTargetDependency */,
			);
			name = ARCardUITests;
			productName = ARCardUITests;
			productReference = B76F905E2243C4730064A4D5 /* ARCardUITests.xctest */;
			productType = "com.apple.product-type.bundle.ui-testing";
		};
/* End PBXNativeTarget section */

/* Begin PBXProject section */
		B76F90372243C4710064A4D5 /* Project object */ = {
			isa = PBXProject;
			attributes = {
				LastSwiftUpdateCheck = 1010;
				LastUpgradeCheck = 1010;
				ORGANIZATIONNAME = tomoki;
				TargetAttributes = {
					B76F903E2243C4710064A4D5 = {
						CreatedOnToolsVersion = 10.1;
					};
					B76F90522243C4730064A4D5 = {
						CreatedOnToolsVersion = 10.1;
						TestTargetID = B76F903E2243C4710064A4D5;
					};
					B76F905D2243C4730064A4D5 = {
						CreatedOnToolsVersion = 10.1;
						TestTargetID = B76F903E2243C4710064A4D5;
					};
				};
			};
			buildConfigurationList = B76F903A2243C4710064A4D5 /* Build configuration list for PBXProject "ARCard" */;
			compatibilityVersion = "Xcode 9.3";
			developmentRegion = en;
			hasScannedForEncodings = 0;
			knownRegions = (
				en,
				Base,
			);
			mainGroup = B76F90362243C4710064A4D5;
			productRefGroup = B76F90402243C4710064A4D5 /* Products */;
			projectDirPath = "";
			projectRoot = "";
			targets = (
				B76F903E2243C4710064A4D5 /* ARCard */,
				B76F90522243C4730064A4D5 /* ARCardTests */,
				B76F905D2243C4730064A4D5 /* ARCardUITests */,
			);
		};
/* End PBXProject section */

/* Begin PBXResourcesBuildPhase section */
		B76F903D2243C4710064A4D5 /* Resources */ = {
			isa = PBXResourcesBuildPhase;
			buildActionMask = 2147483647;
			files = (
				B76F908C2243C8C60064A4D5 /* Settings.bundle in Resources */,
				B76F909A2243D42B0064A4D5 /* Regist.storyboard in Resources */,
				B79F46E422590DA90067E4EE /* Menu.storyboard in Resources */,
				B76F90AC2244A14C0064A4D5 /* Setting.storyboard in Resources */,
				B79F46DD22590CD70067E4EE /* MenuButton.storyboard in Resources */,
				B76F904D2243C4730064A4D5 /* LaunchScreen.storyboard in Resources */,
				B79F46D922590B150067E4EE /* Color.xcassets in Resources */,
				B79F4776225920970067E4EE /* Info.storyboard in Resources */,
				B7C89D0622593A8100B417F1 /* History.storyboard in Resources */,
				B76F90BD2244AFAF0064A4D5 /* ProfileEdit.storyboard in Resources */,
				B76F90CC2244CA4A0064A4D5 /* Debug.storyboard in Resources */,
				B76F904A2243C4730064A4D5 /* Assets.xcassets in Resources */,
				B7CE3A59224749E500AD427D /* GoogleService-Info.plist in Resources */,
				B79F477A22592AC90067E4EE /* Profile.storyboard in Resources */,
				B7C89D0C22593AF900B417F1 /* HistoryTableViewCell.xib in Resources */,
				B76F90A722449FD00064A4D5 /* AR.storyboard in Resources */,
			);
			runOnlyForDeploymentPostprocessing = 0;
		};
		B76F90512243C4730064A4D5 /* Resources */ = {
			isa = PBXResourcesBuildPhase;
			buildActionMask = 2147483647;
			files = (
			);
			runOnlyForDeploymentPostprocessing = 0;
		};
		B76F905C2243C4730064A4D5 /* Resources */ = {
			isa = PBXResourcesBuildPhase;
			buildActionMask = 2147483647;
			files = (
			);
			runOnlyForDeploymentPostprocessing = 0;
		};
/* End PBXResourcesBuildPhase section */

/* Begin PBXShellScriptBuildPhase section */
		0BF40522F4EB4F046468192B /* [CP] Check Pods Manifest.lock */ = {
			isa = PBXShellScriptBuildPhase;
			buildActionMask = 2147483647;
			files = (
			);
			inputFileListPaths = (
			);
			inputPaths = (
				"${PODS_PODFILE_DIR_PATH}/Podfile.lock",
				"${PODS_ROOT}/Manifest.lock",
			);
			name = "[CP] Check Pods Manifest.lock";
			outputFileListPaths = (
			);
			outputPaths = (
				"$(DERIVED_FILE_DIR)/Pods-ARCardTests-checkManifestLockResult.txt",
			);
			runOnlyForDeploymentPostprocessing = 0;
			shellPath = /bin/sh;
			shellScript = "diff \"${PODS_PODFILE_DIR_PATH}/Podfile.lock\" \"${PODS_ROOT}/Manifest.lock\" > /dev/null\nif [ $? != 0 ] ; then\n    # print error to STDERR\n    echo \"error: The sandbox is not in sync with the Podfile.lock. Run 'pod install' or update your CocoaPods installation.\" >&2\n    exit 1\nfi\n# This output is used by Xcode 'outputs' to avoid re-running this script phase.\necho \"SUCCESS\" > \"${SCRIPT_OUTPUT_FILE_0}\"\n";
			showEnvVarsInLog = 0;
		};
		2AEBCE78B826CEAD8DFAC6D4 /* [CP] Embed Pods Frameworks */ = {
			isa = PBXShellScriptBuildPhase;
			buildActionMask = 2147483647;
			files = (
			);
			inputFileListPaths = (
			);
			inputPaths = (
				"${PODS_ROOT}/Target Support Files/Pods-ARCard/Pods-ARCard-frameworks.sh",
				"${BUILT_PRODUCTS_DIR}/GTMSessionFetcher/GTMSessionFetcher.framework",
				"${BUILT_PRODUCTS_DIR}/GoogleUtilities/GoogleUtilities.framework",
				"${BUILT_PRODUCTS_DIR}/nanopb/nanopb.framework",
			);
			name = "[CP] Embed Pods Frameworks";
			outputFileListPaths = (
			);
			outputPaths = (
				"${TARGET_BUILD_DIR}/${FRAMEWORKS_FOLDER_PATH}/GTMSessionFetcher.framework",
				"${TARGET_BUILD_DIR}/${FRAMEWORKS_FOLDER_PATH}/GoogleUtilities.framework",
				"${TARGET_BUILD_DIR}/${FRAMEWORKS_FOLDER_PATH}/nanopb.framework",
			);
			runOnlyForDeploymentPostprocessing = 0;
			shellPath = /bin/sh;
			shellScript = "\"${PODS_ROOT}/Target Support Files/Pods-ARCard/Pods-ARCard-frameworks.sh\"\n";
			showEnvVarsInLog = 0;
		};
		B5F8A1208273745F836C3649 /* [CP] Check Pods Manifest.lock */ = {
			isa = PBXShellScriptBuildPhase;
			buildActionMask = 2147483647;
			files = (
			);
			inputFileListPaths = (
			);
			inputPaths = (
				"${PODS_PODFILE_DIR_PATH}/Podfile.lock",
				"${PODS_ROOT}/Manifest.lock",
			);
			name = "[CP] Check Pods Manifest.lock";
			outputFileListPaths = (
			);
			outputPaths = (
				"$(DERIVED_FILE_DIR)/Pods-ARCardUITests-checkManifestLockResult.txt",
			);
			runOnlyForDeploymentPostprocessing = 0;
			shellPath = /bin/sh;
			shellScript = "diff \"${PODS_PODFILE_DIR_PATH}/Podfile.lock\" \"${PODS_ROOT}/Manifest.lock\" > /dev/null\nif [ $? != 0 ] ; then\n    # print error to STDERR\n    echo \"error: The sandbox is not in sync with the Podfile.lock. Run 'pod install' or update your CocoaPods installation.\" >&2\n    exit 1\nfi\n# This output is used by Xcode 'outputs' to avoid re-running this script phase.\necho \"SUCCESS\" > \"${SCRIPT_OUTPUT_FILE_0}\"\n";
			showEnvVarsInLog = 0;
		};
		B76F90882243C7990064A4D5 /* Carthage */ = {
			isa = PBXShellScriptBuildPhase;
			buildActionMask = 2147483647;
			files = (
			);
			inputFileListPaths = (
			);
			inputPaths = (
				"$(SRCROOT)/Carthage/Build/iOS/Alamofire.framework",
				"$(SRCROOT)/Carthage/Build/iOS/RxSwift.framework",
				"$(SRCROOT)/Carthage/Build/iOS/RxCocoa.framework",
				"$(SRCROOT)/Carthage/Build/iOS/ActiveLabel.framework",
				"$(SRCROOT)/Carthage/Build/iOS/Device.framework",
				"$(SRCROOT)/Carthage/Build/iOS/FontAwesome.framework",
				"$(SRCROOT)/Carthage/Build/iOS/KeychainAccess.framework",
				"$(SRCROOT)/Carthage/Build/iOS/Nuke.framework",
				"$(SRCROOT)/Carthage/Build/iOS/PKHUD.framework",
				"$(SRCROOT)/Carthage/Build/iOS/SnapKit.framework",
				"$(SRCROOT)/Carthage/Build/iOS/SwiftyUserDefaults.framework",
				"$(SRCROOT)/Carthage/Build/iOS/Validator.framework",
				"$(SRCROOT)/Carthage/Build/iOS/NSObject_Rx.framework",
			);
			name = Carthage;
			outputFileListPaths = (
			);
			outputPaths = (
			);
			runOnlyForDeploymentPostprocessing = 0;
			shellPath = /bin/sh;
			shellScript = "/usr/local/bin/carthage copy-frameworks\n";
		};
		B76F90892243C8830064A4D5 /* SwiftLint */ = {
			isa = PBXShellScriptBuildPhase;
			buildActionMask = 2147483647;
			files = (
			);
			inputFileListPaths = (
			);
			inputPaths = (
			);
			name = SwiftLint;
			outputFileListPaths = (
			);
			outputPaths = (
			);
			runOnlyForDeploymentPostprocessing = 0;
			shellPath = /bin/sh;
			shellScript = "if which swiftlint >/dev/null; then\nswiftlint\nelse\necho \"SwiftLint does not exist, download from https://github.com/realm/SwiftLint\"\nfi\n";
		};
		B76F908A2243C8940064A4D5 /* LicensePlist */ = {
			isa = PBXShellScriptBuildPhase;
			buildActionMask = 2147483647;
			files = (
			);
			inputFileListPaths = (
			);
			inputPaths = (
			);
			name = LicensePlist;
			outputFileListPaths = (
			);
			outputPaths = (
			);
			runOnlyForDeploymentPostprocessing = 0;
			shellPath = /bin/sh;
			shellScript = "if [ $CONFIGURATION = \"Debug\" ]; then\n${PODS_ROOT}/LicensePlist/license-plist --output-path $PRODUCT_NAME/Settings.bundle\nfi\n";
		};
		EC6F62F0D43616F979453C56 /* [CP] Check Pods Manifest.lock */ = {
			isa = PBXShellScriptBuildPhase;
			buildActionMask = 2147483647;
			files = (
			);
			inputFileListPaths = (
			);
			inputPaths = (
				"${PODS_PODFILE_DIR_PATH}/Podfile.lock",
				"${PODS_ROOT}/Manifest.lock",
			);
			name = "[CP] Check Pods Manifest.lock";
			outputFileListPaths = (
			);
			outputPaths = (
				"$(DERIVED_FILE_DIR)/Pods-ARCard-checkManifestLockResult.txt",
			);
			runOnlyForDeploymentPostprocessing = 0;
			shellPath = /bin/sh;
			shellScript = "diff \"${PODS_PODFILE_DIR_PATH}/Podfile.lock\" \"${PODS_ROOT}/Manifest.lock\" > /dev/null\nif [ $? != 0 ] ; then\n    # print error to STDERR\n    echo \"error: The sandbox is not in sync with the Podfile.lock. Run 'pod install' or update your CocoaPods installation.\" >&2\n    exit 1\nfi\n# This output is used by Xcode 'outputs' to avoid re-running this script phase.\necho \"SUCCESS\" > \"${SCRIPT_OUTPUT_FILE_0}\"\n";
			showEnvVarsInLog = 0;
		};
/* End PBXShellScriptBuildPhase section */

/* Begin PBXSourcesBuildPhase section */
		B76F903B2243C4710064A4D5 /* Sources */ = {
			isa = PBXSourcesBuildPhase;
			buildActionMask = 2147483647;
			files = (
				B7CE3A6222476C2B00AD427D /* APIRequest.swift in Sources */,
				B76F90B42244AADD0064A4D5 /* AlertHandler.swift in Sources */,
				B7C89D0A22593AE500B417F1 /* HistoryTableViewCell.swift in Sources */,
				B76F90432243C4710064A4D5 /* AppDelegate.swift in Sources */,
				B7CE3A6422476C4B00AD427D /* ErrorModel.swift in Sources */,
				B79F47782259209D0067E4EE /* InfoViewController.swift in Sources */,
				B76F90D02244CD470064A4D5 /* Storyboard.swift in Sources */,
				B7C89D0822593AD200B417F1 /* HistoryViewController.swift in Sources */,
				B76F90BF2244B1FD0064A4D5 /* UIView+ARCard.swift in Sources */,
				B7CE3A6822476C9E00AD427D /* AuthAPI.swift in Sources */,
				B79F46E222590D940067E4EE /* MenuViewController.swift in Sources */,
				B79F477E225932500067E4EE /* IconImageView.swift in Sources */,
				B76F90922243CA310064A4D5 /* RegistViewController.swift in Sources */,
				B7CE3A5C22476B9A00AD427D /* APIClient.swift in Sources */,
				B76F90A92244A0010064A4D5 /* ARViewController.swift in Sources */,
				B76F909F2243ED930064A4D5 /* UIScrollView+ARCard.swift in Sources */,
				B76F909D2243DA610064A4D5 /* Notification+ARCard.swift in Sources */,
				B7CE3A5E22476C0400AD427D /* APIResult.swift in Sources */,
				B76F90B12244A4D70064A4D5 /* SettingTableViewController.swift in Sources */,
				B76F90CE2244CC560064A4D5 /* DebugViewController.swift in Sources */,
				B76F90A12243F5B30064A4D5 /* RegistModel.swift in Sources */,
				B76F90A32243F5BC0064A4D5 /* RegistViewModel.swift in Sources */,
				B76F90D22244D11C0064A4D5 /* URL+ARCard.swift in Sources */,
				B79F46DF22590CE40067E4EE /* MenuButtonViewController.swift in Sources */,
				B76F90C12244B29C0064A4D5 /* UIImageView+ARCard.swift in Sources */,
				B79F477C22592AD90067E4EE /* ProfileViewController.swift in Sources */,
				B76F90C92244CA090064A4D5 /* UIViewController+ARCard.swift in Sources */,
				B76F90BA2244AF830064A4D5 /* ProfileEditViewController.swift in Sources */,
			);
			runOnlyForDeploymentPostprocessing = 0;
		};
		B76F904F2243C4730064A4D5 /* Sources */ = {
			isa = PBXSourcesBuildPhase;
			buildActionMask = 2147483647;
			files = (
				B76F90582243C4730064A4D5 /* ARCardTests.swift in Sources */,
			);
			runOnlyForDeploymentPostprocessing = 0;
		};
		B76F905A2243C4730064A4D5 /* Sources */ = {
			isa = PBXSourcesBuildPhase;
			buildActionMask = 2147483647;
			files = (
				B76F90632243C4730064A4D5 /* ARCardUITests.swift in Sources */,
			);
			runOnlyForDeploymentPostprocessing = 0;
		};
/* End PBXSourcesBuildPhase section */

/* Begin PBXTargetDependency section */
		B76F90552243C4730064A4D5 /* PBXTargetDependency */ = {
			isa = PBXTargetDependency;
			target = B76F903E2243C4710064A4D5 /* ARCard */;
			targetProxy = B76F90542243C4730064A4D5 /* PBXContainerItemProxy */;
		};
		B76F90602243C4730064A4D5 /* PBXTargetDependency */ = {
			isa = PBXTargetDependency;
			target = B76F903E2243C4710064A4D5 /* ARCard */;
			targetProxy = B76F905F2243C4730064A4D5 /* PBXContainerItemProxy */;
		};
/* End PBXTargetDependency section */

/* Begin PBXVariantGroup section */
		B76F904B2243C4730064A4D5 /* LaunchScreen.storyboard */ = {
			isa = PBXVariantGroup;
			children = (
				B76F904C2243C4730064A4D5 /* Base */,
			);
			name = LaunchScreen.storyboard;
			path = .;
			sourceTree = "<group>";
		};
/* End PBXVariantGroup section */

/* Begin XCBuildConfiguration section */
		B76F90652243C4730064A4D5 /* Debug */ = {
			isa = XCBuildConfiguration;
			buildSettings = {
				ALWAYS_SEARCH_USER_PATHS = NO;
				CLANG_ANALYZER_NONNULL = YES;
				CLANG_ANALYZER_NUMBER_OBJECT_CONVERSION = YES_AGGRESSIVE;
				CLANG_CXX_LANGUAGE_STANDARD = "gnu++14";
				CLANG_CXX_LIBRARY = "libc++";
				CLANG_ENABLE_MODULES = YES;
				CLANG_ENABLE_OBJC_ARC = YES;
				CLANG_ENABLE_OBJC_WEAK = YES;
				CLANG_WARN_BLOCK_CAPTURE_AUTORELEASING = YES;
				CLANG_WARN_BOOL_CONVERSION = YES;
				CLANG_WARN_COMMA = YES;
				CLANG_WARN_CONSTANT_CONVERSION = YES;
				CLANG_WARN_DEPRECATED_OBJC_IMPLEMENTATIONS = YES;
				CLANG_WARN_DIRECT_OBJC_ISA_USAGE = YES_ERROR;
				CLANG_WARN_DOCUMENTATION_COMMENTS = YES;
				CLANG_WARN_EMPTY_BODY = YES;
				CLANG_WARN_ENUM_CONVERSION = YES;
				CLANG_WARN_INFINITE_RECURSION = YES;
				CLANG_WARN_INT_CONVERSION = YES;
				CLANG_WARN_NON_LITERAL_NULL_CONVERSION = YES;
				CLANG_WARN_OBJC_IMPLICIT_RETAIN_SELF = YES;
				CLANG_WARN_OBJC_LITERAL_CONVERSION = YES;
				CLANG_WARN_OBJC_ROOT_CLASS = YES_ERROR;
				CLANG_WARN_RANGE_LOOP_ANALYSIS = YES;
				CLANG_WARN_STRICT_PROTOTYPES = YES;
				CLANG_WARN_SUSPICIOUS_MOVE = YES;
				CLANG_WARN_UNGUARDED_AVAILABILITY = YES_AGGRESSIVE;
				CLANG_WARN_UNREACHABLE_CODE = YES;
				CLANG_WARN__DUPLICATE_METHOD_MATCH = YES;
				CODE_SIGN_IDENTITY = "iPhone Developer";
				COPY_PHASE_STRIP = NO;
				DEBUG_INFORMATION_FORMAT = dwarf;
				ENABLE_STRICT_OBJC_MSGSEND = YES;
				ENABLE_TESTABILITY = YES;
				GCC_C_LANGUAGE_STANDARD = gnu11;
				GCC_DYNAMIC_NO_PIC = NO;
				GCC_NO_COMMON_BLOCKS = YES;
				GCC_OPTIMIZATION_LEVEL = 0;
				GCC_PREPROCESSOR_DEFINITIONS = (
					"DEBUG=1",
					"$(inherited)",
				);
				GCC_WARN_64_TO_32_BIT_CONVERSION = YES;
				GCC_WARN_ABOUT_RETURN_TYPE = YES_ERROR;
				GCC_WARN_UNDECLARED_SELECTOR = YES;
				GCC_WARN_UNINITIALIZED_AUTOS = YES_AGGRESSIVE;
				GCC_WARN_UNUSED_FUNCTION = YES;
				GCC_WARN_UNUSED_VARIABLE = YES;
				IPHONEOS_DEPLOYMENT_TARGET = 12.1;
				MTL_ENABLE_DEBUG_INFO = INCLUDE_SOURCE;
				MTL_FAST_MATH = YES;
				ONLY_ACTIVE_ARCH = YES;
				SDKROOT = iphoneos;
				SWIFT_ACTIVE_COMPILATION_CONDITIONS = DEBUG;
				SWIFT_OPTIMIZATION_LEVEL = "-Onone";
			};
			name = Debug;
		};
		B76F90662243C4730064A4D5 /* Release */ = {
			isa = XCBuildConfiguration;
			buildSettings = {
				ALWAYS_SEARCH_USER_PATHS = NO;
				CLANG_ANALYZER_NONNULL = YES;
				CLANG_ANALYZER_NUMBER_OBJECT_CONVERSION = YES_AGGRESSIVE;
				CLANG_CXX_LANGUAGE_STANDARD = "gnu++14";
				CLANG_CXX_LIBRARY = "libc++";
				CLANG_ENABLE_MODULES = YES;
				CLANG_ENABLE_OBJC_ARC = YES;
				CLANG_ENABLE_OBJC_WEAK = YES;
				CLANG_WARN_BLOCK_CAPTURE_AUTORELEASING = YES;
				CLANG_WARN_BOOL_CONVERSION = YES;
				CLANG_WARN_COMMA = YES;
				CLANG_WARN_CONSTANT_CONVERSION = YES;
				CLANG_WARN_DEPRECATED_OBJC_IMPLEMENTATIONS = YES;
				CLANG_WARN_DIRECT_OBJC_ISA_USAGE = YES_ERROR;
				CLANG_WARN_DOCUMENTATION_COMMENTS = YES;
				CLANG_WARN_EMPTY_BODY = YES;
				CLANG_WARN_ENUM_CONVERSION = YES;
				CLANG_WARN_INFINITE_RECURSION = YES;
				CLANG_WARN_INT_CONVERSION = YES;
				CLANG_WARN_NON_LITERAL_NULL_CONVERSION = YES;
				CLANG_WARN_OBJC_IMPLICIT_RETAIN_SELF = YES;
				CLANG_WARN_OBJC_LITERAL_CONVERSION = YES;
				CLANG_WARN_OBJC_ROOT_CLASS = YES_ERROR;
				CLANG_WARN_RANGE_LOOP_ANALYSIS = YES;
				CLANG_WARN_STRICT_PROTOTYPES = YES;
				CLANG_WARN_SUSPICIOUS_MOVE = YES;
				CLANG_WARN_UNGUARDED_AVAILABILITY = YES_AGGRESSIVE;
				CLANG_WARN_UNREACHABLE_CODE = YES;
				CLANG_WARN__DUPLICATE_METHOD_MATCH = YES;
				CODE_SIGN_IDENTITY = "iPhone Developer";
				COPY_PHASE_STRIP = NO;
				DEBUG_INFORMATION_FORMAT = "dwarf-with-dsym";
				ENABLE_NS_ASSERTIONS = NO;
				ENABLE_STRICT_OBJC_MSGSEND = YES;
				GCC_C_LANGUAGE_STANDARD = gnu11;
				GCC_NO_COMMON_BLOCKS = YES;
				GCC_WARN_64_TO_32_BIT_CONVERSION = YES;
				GCC_WARN_ABOUT_RETURN_TYPE = YES_ERROR;
				GCC_WARN_UNDECLARED_SELECTOR = YES;
				GCC_WARN_UNINITIALIZED_AUTOS = YES_AGGRESSIVE;
				GCC_WARN_UNUSED_FUNCTION = YES;
				GCC_WARN_UNUSED_VARIABLE = YES;
				IPHONEOS_DEPLOYMENT_TARGET = 12.1;
				MTL_ENABLE_DEBUG_INFO = NO;
				MTL_FAST_MATH = YES;
				SDKROOT = iphoneos;
				SWIFT_COMPILATION_MODE = wholemodule;
				SWIFT_OPTIMIZATION_LEVEL = "-O";
				VALIDATE_PRODUCT = YES;
			};
			name = Release;
		};
		B76F90682243C4730064A4D5 /* Debug */ = {
			isa = XCBuildConfiguration;
			baseConfigurationReference = D4DCBFAA0161D573D5EBC66E /* Pods-ARCard.debug.xcconfig */;
			buildSettings = {
				ASSETCATALOG_COMPILER_APPICON_NAME = AppIcon;
				CODE_SIGN_STYLE = Automatic;
				DEVELOPMENT_TEAM = FJMPLD4D4X;
				FRAMEWORK_SEARCH_PATHS = (
					"$(inherited)",
					"$(PROJECT_DIR)/Carthage/Build/iOS",
				);
				INFOPLIST_FILE = ARCard/Info.plist;
				LD_RUNPATH_SEARCH_PATHS = (
					"$(inherited)",
					"@executable_path/Frameworks",
				);
				PRODUCT_BUNDLE_IDENTIFIER = com.tomoki.ARCard;
				PRODUCT_NAME = "$(TARGET_NAME)";
				SWIFT_VERSION = 4.2;
				TARGETED_DEVICE_FAMILY = "1,2";
			};
			name = Debug;
		};
		B76F90692243C4730064A4D5 /* Release */ = {
			isa = XCBuildConfiguration;
			baseConfigurationReference = ED4A20B1260DE092CC6338F3 /* Pods-ARCard.release.xcconfig */;
			buildSettings = {
				ASSETCATALOG_COMPILER_APPICON_NAME = AppIcon;
				CODE_SIGN_STYLE = Automatic;
				DEVELOPMENT_TEAM = FJMPLD4D4X;
				FRAMEWORK_SEARCH_PATHS = (
					"$(inherited)",
					"$(PROJECT_DIR)/Carthage/Build/iOS",
				);
				INFOPLIST_FILE = ARCard/Info.plist;
				LD_RUNPATH_SEARCH_PATHS = (
					"$(inherited)",
					"@executable_path/Frameworks",
				);
				PRODUCT_BUNDLE_IDENTIFIER = com.tomoki.ARCard;
				PRODUCT_NAME = "$(TARGET_NAME)";
				SWIFT_VERSION = 4.2;
				TARGETED_DEVICE_FAMILY = "1,2";
			};
			name = Release;
		};
		B76F906B2243C4730064A4D5 /* Debug */ = {
			isa = XCBuildConfiguration;
			baseConfigurationReference = 38F52266EE3F6874D8739C53 /* Pods-ARCardTests.debug.xcconfig */;
			buildSettings = {
				ALWAYS_EMBED_SWIFT_STANDARD_LIBRARIES = YES;
				BUNDLE_LOADER = "$(TEST_HOST)";
				CODE_SIGN_STYLE = Automatic;
				INFOPLIST_FILE = ARCardTests/Info.plist;
				LD_RUNPATH_SEARCH_PATHS = (
					"$(inherited)",
					"@executable_path/Frameworks",
					"@loader_path/Frameworks",
				);
				PRODUCT_BUNDLE_IDENTIFIER = com.tomoki.ARCardTests;
				PRODUCT_NAME = "$(TARGET_NAME)";
				SWIFT_VERSION = 4.2;
				TARGETED_DEVICE_FAMILY = "1,2";
				TEST_HOST = "$(BUILT_PRODUCTS_DIR)/ARCard.app/ARCard";
			};
			name = Debug;
		};
		B76F906C2243C4730064A4D5 /* Release */ = {
			isa = XCBuildConfiguration;
			baseConfigurationReference = C5C5D2180AC95B6DB9755C28 /* Pods-ARCardTests.release.xcconfig */;
			buildSettings = {
				ALWAYS_EMBED_SWIFT_STANDARD_LIBRARIES = YES;
				BUNDLE_LOADER = "$(TEST_HOST)";
				CODE_SIGN_STYLE = Automatic;
				INFOPLIST_FILE = ARCardTests/Info.plist;
				LD_RUNPATH_SEARCH_PATHS = (
					"$(inherited)",
					"@executable_path/Frameworks",
					"@loader_path/Frameworks",
				);
				PRODUCT_BUNDLE_IDENTIFIER = com.tomoki.ARCardTests;
				PRODUCT_NAME = "$(TARGET_NAME)";
				SWIFT_VERSION = 4.2;
				TARGETED_DEVICE_FAMILY = "1,2";
				TEST_HOST = "$(BUILT_PRODUCTS_DIR)/ARCard.app/ARCard";
			};
			name = Release;
		};
		B76F906E2243C4730064A4D5 /* Debug */ = {
			isa = XCBuildConfiguration;
			baseConfigurationReference = 7B486A6A3375E79EBA356F10 /* Pods-ARCardUITests.debug.xcconfig */;
			buildSettings = {
				ALWAYS_EMBED_SWIFT_STANDARD_LIBRARIES = YES;
				CODE_SIGN_STYLE = Automatic;
				INFOPLIST_FILE = ARCardUITests/Info.plist;
				LD_RUNPATH_SEARCH_PATHS = (
					"$(inherited)",
					"@executable_path/Frameworks",
					"@loader_path/Frameworks",
				);
				PRODUCT_BUNDLE_IDENTIFIER = com.tomoki.ARCardUITests;
				PRODUCT_NAME = "$(TARGET_NAME)";
				SWIFT_VERSION = 4.2;
				TARGETED_DEVICE_FAMILY = "1,2";
				TEST_TARGET_NAME = ARCard;
			};
			name = Debug;
		};
		B76F906F2243C4730064A4D5 /* Release */ = {
			isa = XCBuildConfiguration;
			baseConfigurationReference = BFD0498AD85487166620D098 /* Pods-ARCardUITests.release.xcconfig */;
			buildSettings = {
				ALWAYS_EMBED_SWIFT_STANDARD_LIBRARIES = YES;
				CODE_SIGN_STYLE = Automatic;
				INFOPLIST_FILE = ARCardUITests/Info.plist;
				LD_RUNPATH_SEARCH_PATHS = (
					"$(inherited)",
					"@executable_path/Frameworks",
					"@loader_path/Frameworks",
				);
				PRODUCT_BUNDLE_IDENTIFIER = com.tomoki.ARCardUITests;
				PRODUCT_NAME = "$(TARGET_NAME)";
				SWIFT_VERSION = 4.2;
				TARGETED_DEVICE_FAMILY = "1,2";
				TEST_TARGET_NAME = ARCard;
			};
			name = Release;
		};
/* End XCBuildConfiguration section */

/* Begin XCConfigurationList section */
		B76F903A2243C4710064A4D5 /* Build configuration list for PBXProject "ARCard" */ = {
			isa = XCConfigurationList;
			buildConfigurations = (
				B76F90652243C4730064A4D5 /* Debug */,
				B76F90662243C4730064A4D5 /* Release */,
			);
			defaultConfigurationIsVisible = 0;
			defaultConfigurationName = Release;
		};
		B76F90672243C4730064A4D5 /* Build configuration list for PBXNativeTarget "ARCard" */ = {
			isa = XCConfigurationList;
			buildConfigurations = (
				B76F90682243C4730064A4D5 /* Debug */,
				B76F90692243C4730064A4D5 /* Release */,
			);
			defaultConfigurationIsVisible = 0;
			defaultConfigurationName = Release;
		};
		B76F906A2243C4730064A4D5 /* Build configuration list for PBXNativeTarget "ARCardTests" */ = {
			isa = XCConfigurationList;
			buildConfigurations = (
				B76F906B2243C4730064A4D5 /* Debug */,
				B76F906C2243C4730064A4D5 /* Release */,
			);
			defaultConfigurationIsVisible = 0;
			defaultConfigurationName = Release;
		};
		B76F906D2243C4730064A4D5 /* Build configuration list for PBXNativeTarget "ARCardUITests" */ = {
			isa = XCConfigurationList;
			buildConfigurations = (
				B76F906E2243C4730064A4D5 /* Debug */,
				B76F906F2243C4730064A4D5 /* Release */,
			);
			defaultConfigurationIsVisible = 0;
			defaultConfigurationName = Release;
		};
/* End XCConfigurationList section */
	};
	rootObject = B76F90372243C4710064A4D5 /* Project object */;
}
